
Microsoft Visual Studio Solution File, Format Version 12.00
# Visual Studio 15
VisualStudioVersion = 15.0.26430.6
MinimumVisualStudioVersion = 10.0.40219.1
Project("{FAE04EC0-301F-11D3-BF4B-00C04F79EFBC}") = "Plugin.CrossPlacePicker", "CrossPlacePicker\Plugin.CrossPlacePicker\Plugin.CrossPlacePicker.csproj", "{A6FCEF44-D2BA-42C7-B3CB-13667BCD7B54}"
EndProject
Project("{FAE04EC0-301F-11D3-BF4B-00C04F79EFBC}") = "Plugin.CrossPlacePicker.Abstractions", "CrossPlacePicker\Plugin.CrossPlacePicker.Abstractions\Plugin.CrossPlacePicker.Abstractions.csproj", "{6EDB0588-FFC5-4EF5-8A99-9E241D0F878D}"
EndProject
Project("{FAE04EC0-301F-11D3-BF4B-00C04F79EFBC}") = "Plugin.CrossPlacePicker.iOS", "CrossPlacePicker\Plugin.CrossPlacePicker.iOS\Plugin.CrossPlacePicker.iOS.csproj", "{2882AEEB-D4CD-4EB9-8A6C-6653B33681F0}"
EndProject
Project("{FAE04EC0-301F-11D3-BF4B-00C04F79EFBC}") = "Plugin.CrossPlacePicker.Android", "CrossPlacePicker\Plugin.CrossPlacePicker.Android\Plugin.CrossPlacePicker.Android.csproj", "{56A56F17-7DE1-4CA1-9617-BF32E971AC84}"
EndProject
Project("{2150E333-8FDC-42A3-9474-1A3956D46DE8}") = "src", "src", "{2833A96C-B137-471D-A436-5BA121DEF6BB}"
EndProject
Project("{2150E333-8FDC-42A3-9474-1A3956D46DE8}") = "samples", "samples", "{6F8ABA32-5BF0-487A-BA10-84C965085E71}"
EndProject
Project("{2150E333-8FDC-42A3-9474-1A3956D46DE8}") = "Xamarin.Forms", "Xamarin.Forms", "{AEF59902-D1DD-404F-88DB-9E905AF87A2D}"
EndProject
Project("{FAE04EC0-301F-11D3-BF4B-00C04F79EFBC}") = "CrossPlacePickerFormsSample.Android", "CrossPlacePickerFormsSample\CrossPlacePickerFormsSample.Android\CrossPlacePickerFormsSample.Android.csproj", "{0565D9C8-D4D9-4823-B474-512B3024858E}"
EndProject
Project("{FAE04EC0-301F-11D3-BF4B-00C04F79EFBC}") = "CrossPlacePickerFormsSample", "CrossPlacePickerFormsSample\CrossPlacePickerFormsSample\CrossPlacePickerFormsSample.csproj", "{EC986EEA-39AA-4922-842E-2C400F8895A0}"
EndProject
Project("{FAE04EC0-301F-11D3-BF4B-00C04F79EFBC}") = "CrossPlacePickerFormsSample.iOS", "CrossPlacePickerFormsSample\CrossPlacePickerFormsSample.iOS\CrossPlacePickerFormsSample.iOS.csproj", "{8C5CA6E7-F02A-4474-B603-0E5467BCB924}"
EndProject
Global
	GlobalSection(SolutionConfigurationPlatforms) = preSolution
		Ad-Hoc|Any CPU = Ad-Hoc|Any CPU
		Ad-Hoc|ARM = Ad-Hoc|ARM
		Ad-Hoc|iPhone = Ad-Hoc|iPhone
		Ad-Hoc|iPhoneSimulator = Ad-Hoc|iPhoneSimulator
		Ad-Hoc|x64 = Ad-Hoc|x64
		Ad-Hoc|x86 = Ad-Hoc|x86
		AppStore|Any CPU = AppStore|Any CPU
		AppStore|ARM = AppStore|ARM
		AppStore|iPhone = AppStore|iPhone
		AppStore|iPhoneSimulator = AppStore|iPhoneSimulator
		AppStore|x64 = AppStore|x64
		AppStore|x86 = AppStore|x86
		Debug|Any CPU = Debug|Any CPU
		Debug|ARM = Debug|ARM
		Debug|iPhone = Debug|iPhone
		Debug|iPhoneSimulator = Debug|iPhoneSimulator
		Debug|x64 = Debug|x64
		Debug|x86 = Debug|x86
		Release|Any CPU = Release|Any CPU
		Release|ARM = Release|ARM
		Release|iPhone = Release|iPhone
		Release|iPhoneSimulator = Release|iPhoneSimulator
		Release|x64 = Release|x64
		Release|x86 = Release|x86
	EndGlobalSection
	GlobalSection(ProjectConfigurationPlatforms) = postSolution
		{A6FCEF44-D2BA-42C7-B3CB-13667BCD7B54}.Ad-Hoc|Any CPU.ActiveCfg = Release|Any CPU
		{A6FCEF44-D2BA-42C7-B3CB-13667BCD7B54}.Ad-Hoc|Any CPU.Build.0 = Release|Any CPU
		{A6FCEF44-D2BA-42C7-B3CB-13667BCD7B54}.Ad-Hoc|ARM.ActiveCfg = Release|Any CPU
		{A6FCEF44-D2BA-42C7-B3CB-13667BCD7B54}.Ad-Hoc|ARM.Build.0 = Release|Any CPU
		{A6FCEF44-D2BA-42C7-B3CB-13667BCD7B54}.Ad-Hoc|iPhone.ActiveCfg = Release|Any CPU
		{A6FCEF44-D2BA-42C7-B3CB-13667BCD7B54}.Ad-Hoc|iPhone.Build.0 = Release|Any CPU
		{A6FCEF44-D2BA-42C7-B3CB-13667BCD7B54}.Ad-Hoc|iPhoneSimulator.ActiveCfg = Release|Any CPU
		{A6FCEF44-D2BA-42C7-B3CB-13667BCD7B54}.Ad-Hoc|iPhoneSimulator.Build.0 = Release|Any CPU
		{A6FCEF44-D2BA-42C7-B3CB-13667BCD7B54}.Ad-Hoc|x64.ActiveCfg = Release|Any CPU
		{A6FCEF44-D2BA-42C7-B3CB-13667BCD7B54}.Ad-Hoc|x64.Build.0 = Release|Any CPU
		{A6FCEF44-D2BA-42C7-B3CB-13667BCD7B54}.Ad-Hoc|x86.ActiveCfg = Release|Any CPU
		{A6FCEF44-D2BA-42C7-B3CB-13667BCD7B54}.Ad-Hoc|x86.Build.0 = Release|Any CPU
		{A6FCEF44-D2BA-42C7-B3CB-13667BCD7B54}.AppStore|Any CPU.ActiveCfg = Release|Any CPU
		{A6FCEF44-D2BA-42C7-B3CB-13667BCD7B54}.AppStore|Any CPU.Build.0 = Release|Any CPU
		{A6FCEF44-D2BA-42C7-B3CB-13667BCD7B54}.AppStore|ARM.ActiveCfg = Release|Any CPU
		{A6FCEF44-D2BA-42C7-B3CB-13667BCD7B54}.AppStore|ARM.Build.0 = Release|Any CPU
		{A6FCEF44-D2BA-42C7-B3CB-13667BCD7B54}.AppStore|iPhone.ActiveCfg = Release|Any CPU
		{A6FCEF44-D2BA-42C7-B3CB-13667BCD7B54}.AppStore|iPhone.Build.0 = Release|Any CPU
		{A6FCEF44-D2BA-42C7-B3CB-13667BCD7B54}.AppStore|iPhoneSimulator.ActiveCfg = Release|Any CPU
		{A6FCEF44-D2BA-42C7-B3CB-13667BCD7B54}.AppStore|iPhoneSimulator.Build.0 = Release|Any CPU
		{A6FCEF44-D2BA-42C7-B3CB-13667BCD7B54}.AppStore|x64.ActiveCfg = Release|Any CPU
		{A6FCEF44-D2BA-42C7-B3CB-13667BCD7B54}.AppStore|x64.Build.0 = Release|Any CPU
		{A6FCEF44-D2BA-42C7-B3CB-13667BCD7B54}.AppStore|x86.ActiveCfg = Release|Any CPU
		{A6FCEF44-D2BA-42C7-B3CB-13667BCD7B54}.AppStore|x86.Build.0 = Release|Any CPU
		{A6FCEF44-D2BA-42C7-B3CB-13667BCD7B54}.Debug|Any CPU.ActiveCfg = Debug|Any CPU
		{A6FCEF44-D2BA-42C7-B3CB-13667BCD7B54}.Debug|Any CPU.Build.0 = Debug|Any CPU
		{A6FCEF44-D2BA-42C7-B3CB-13667BCD7B54}.Debug|ARM.ActiveCfg = Debug|Any CPU
		{A6FCEF44-D2BA-42C7-B3CB-13667BCD7B54}.Debug|ARM.Build.0 = Debug|Any CPU
		{A6FCEF44-D2BA-42C7-B3CB-13667BCD7B54}.Debug|iPhone.ActiveCfg = Debug|Any CPU
		{A6FCEF44-D2BA-42C7-B3CB-13667BCD7B54}.Debug|iPhone.Build.0 = Debug|Any CPU
		{A6FCEF44-D2BA-42C7-B3CB-13667BCD7B54}.Debug|iPhoneSimulator.ActiveCfg = Debug|Any CPU
		{A6FCEF44-D2BA-42C7-B3CB-13667BCD7B54}.Debug|iPhoneSimulator.Build.0 = Debug|Any CPU
		{A6FCEF44-D2BA-42C7-B3CB-13667BCD7B54}.Debug|x64.ActiveCfg = Debug|Any CPU
		{A6FCEF44-D2BA-42C7-B3CB-13667BCD7B54}.Debug|x64.Build.0 = Debug|Any CPU
		{A6FCEF44-D2BA-42C7-B3CB-13667BCD7B54}.Debug|x86.ActiveCfg = Debug|Any CPU
		{A6FCEF44-D2BA-42C7-B3CB-13667BCD7B54}.Debug|x86.Build.0 = Debug|Any CPU
		{A6FCEF44-D2BA-42C7-B3CB-13667BCD7B54}.Release|Any CPU.ActiveCfg = Release|Any CPU
		{A6FCEF44-D2BA-42C7-B3CB-13667BCD7B54}.Release|Any CPU.Build.0 = Release|Any CPU
		{A6FCEF44-D2BA-42C7-B3CB-13667BCD7B54}.Release|ARM.ActiveCfg = Release|Any CPU
		{A6FCEF44-D2BA-42C7-B3CB-13667BCD7B54}.Release|ARM.Build.0 = Release|Any CPU
		{A6FCEF44-D2BA-42C7-B3CB-13667BCD7B54}.Release|iPhone.ActiveCfg = Release|Any CPU
		{A6FCEF44-D2BA-42C7-B3CB-13667BCD7B54}.Release|iPhone.Build.0 = Release|Any CPU
		{A6FCEF44-D2BA-42C7-B3CB-13667BCD7B54}.Release|iPhoneSimulator.ActiveCfg = Release|Any CPU
		{A6FCEF44-D2BA-42C7-B3CB-13667BCD7B54}.Release|iPhoneSimulator.Build.0 = Release|Any CPU
		{A6FCEF44-D2BA-42C7-B3CB-13667BCD7B54}.Release|x64.ActiveCfg = Release|Any CPU
		{A6FCEF44-D2BA-42C7-B3CB-13667BCD7B54}.Release|x64.Build.0 = Release|Any CPU
		{A6FCEF44-D2BA-42C7-B3CB-13667BCD7B54}.Release|x86.ActiveCfg = Release|Any CPU
		{A6FCEF44-D2BA-42C7-B3CB-13667BCD7B54}.Release|x86.Build.0 = Release|Any CPU
		{6EDB0588-FFC5-4EF5-8A99-9E241D0F878D}.Ad-Hoc|Any CPU.ActiveCfg = Release|Any CPU
		{6EDB0588-FFC5-4EF5-8A99-9E241D0F878D}.Ad-Hoc|Any CPU.Build.0 = Release|Any CPU
		{6EDB0588-FFC5-4EF5-8A99-9E241D0F878D}.Ad-Hoc|ARM.ActiveCfg = Release|Any CPU
		{6EDB0588-FFC5-4EF5-8A99-9E241D0F878D}.Ad-Hoc|ARM.Build.0 = Release|Any CPU
		{6EDB0588-FFC5-4EF5-8A99-9E241D0F878D}.Ad-Hoc|iPhone.ActiveCfg = Release|Any CPU
		{6EDB0588-FFC5-4EF5-8A99-9E241D0F878D}.Ad-Hoc|iPhone.Build.0 = Release|Any CPU
		{6EDB0588-FFC5-4EF5-8A99-9E241D0F878D}.Ad-Hoc|iPhoneSimulator.ActiveCfg = Release|Any CPU
		{6EDB0588-FFC5-4EF5-8A99-9E241D0F878D}.Ad-Hoc|iPhoneSimulator.Build.0 = Release|Any CPU
		{6EDB0588-FFC5-4EF5-8A99-9E241D0F878D}.Ad-Hoc|x64.ActiveCfg = Release|Any CPU
		{6EDB0588-FFC5-4EF5-8A99-9E241D0F878D}.Ad-Hoc|x64.Build.0 = Release|Any CPU
		{6EDB0588-FFC5-4EF5-8A99-9E241D0F878D}.Ad-Hoc|x86.ActiveCfg = Release|Any CPU
		{6EDB0588-FFC5-4EF5-8A99-9E241D0F878D}.Ad-Hoc|x86.Build.0 = Release|Any CPU
		{6EDB0588-FFC5-4EF5-8A99-9E241D0F878D}.AppStore|Any CPU.ActiveCfg = Release|Any CPU
		{6EDB0588-FFC5-4EF5-8A99-9E241D0F878D}.AppStore|Any CPU.Build.0 = Release|Any CPU
		{6EDB0588-FFC5-4EF5-8A99-9E241D0F878D}.AppStore|ARM.ActiveCfg = Release|Any CPU
		{6EDB0588-FFC5-4EF5-8A99-9E241D0F878D}.AppStore|ARM.Build.0 = Release|Any CPU
		{6EDB0588-FFC5-4EF5-8A99-9E241D0F878D}.AppStore|iPhone.ActiveCfg = Release|Any CPU
		{6EDB0588-FFC5-4EF5-8A99-9E241D0F878D}.AppStore|iPhone.Build.0 = Release|Any CPU
		{6EDB0588-FFC5-4EF5-8A99-9E241D0F878D}.AppStore|iPhoneSimulator.ActiveCfg = Release|Any CPU
		{6EDB0588-FFC5-4EF5-8A99-9E241D0F878D}.AppStore|iPhoneSimulator.Build.0 = Release|Any CPU
		{6EDB0588-FFC5-4EF5-8A99-9E241D0F878D}.AppStore|x64.ActiveCfg = Release|Any CPU
		{6EDB0588-FFC5-4EF5-8A99-9E241D0F878D}.AppStore|x64.Build.0 = Release|Any CPU
		{6EDB0588-FFC5-4EF5-8A99-9E241D0F878D}.AppStore|x86.ActiveCfg = Release|Any CPU
		{6EDB0588-FFC5-4EF5-8A99-9E241D0F878D}.AppStore|x86.Build.0 = Release|Any CPU
		{6EDB0588-FFC5-4EF5-8A99-9E241D0F878D}.Debug|Any CPU.ActiveCfg = Debug|Any CPU
		{6EDB0588-FFC5-4EF5-8A99-9E241D0F878D}.Debug|Any CPU.Build.0 = Debug|Any CPU
		{6EDB0588-FFC5-4EF5-8A99-9E241D0F878D}.Debug|ARM.ActiveCfg = Debug|Any CPU
		{6EDB0588-FFC5-4EF5-8A99-9E241D0F878D}.Debug|ARM.Build.0 = Debug|Any CPU
		{6EDB0588-FFC5-4EF5-8A99-9E241D0F878D}.Debug|iPhone.ActiveCfg = Debug|Any CPU
		{6EDB0588-FFC5-4EF5-8A99-9E241D0F878D}.Debug|iPhone.Build.0 = Debug|Any CPU
		{6EDB0588-FFC5-4EF5-8A99-9E241D0F878D}.Debug|iPhoneSimulator.ActiveCfg = Debug|Any CPU
		{6EDB0588-FFC5-4EF5-8A99-9E241D0F878D}.Debug|iPhoneSimulator.Build.0 = Debug|Any CPU
		{6EDB0588-FFC5-4EF5-8A99-9E241D0F878D}.Debug|x64.ActiveCfg = Debug|Any CPU
		{6EDB0588-FFC5-4EF5-8A99-9E241D0F878D}.Debug|x64.Build.0 = Debug|Any CPU
		{6EDB0588-FFC5-4EF5-8A99-9E241D0F878D}.Debug|x86.ActiveCfg = Debug|Any CPU
		{6EDB0588-FFC5-4EF5-8A99-9E241D0F878D}.Debug|x86.Build.0 = Debug|Any CPU
		{6EDB0588-FFC5-4EF5-8A99-9E241D0F878D}.Release|Any CPU.ActiveCfg = Release|Any CPU
		{6EDB0588-FFC5-4EF5-8A99-9E241D0F878D}.Release|Any CPU.Build.0 = Release|Any CPU
		{6EDB0588-FFC5-4EF5-8A99-9E241D0F878D}.Release|ARM.ActiveCfg = Release|Any CPU
		{6EDB0588-FFC5-4EF5-8A99-9E241D0F878D}.Release|ARM.Build.0 = Release|Any CPU
		{6EDB0588-FFC5-4EF5-8A99-9E241D0F878D}.Release|iPhone.ActiveCfg = Release|Any CPU
		{6EDB0588-FFC5-4EF5-8A99-9E241D0F878D}.Release|iPhone.Build.0 = Release|Any CPU
		{6EDB0588-FFC5-4EF5-8A99-9E241D0F878D}.Release|iPhoneSimulator.ActiveCfg = Release|Any CPU
		{6EDB0588-FFC5-4EF5-8A99-9E241D0F878D}.Release|iPhoneSimulator.Build.0 = Release|Any CPU
		{6EDB0588-FFC5-4EF5-8A99-9E241D0F878D}.Release|x64.ActiveCfg = Release|Any CPU
		{6EDB0588-FFC5-4EF5-8A99-9E241D0F878D}.Release|x64.Build.0 = Release|Any CPU
		{6EDB0588-FFC5-4EF5-8A99-9E241D0F878D}.Release|x86.ActiveCfg = Release|Any CPU
		{6EDB0588-FFC5-4EF5-8A99-9E241D0F878D}.Release|x86.Build.0 = Release|Any CPU
		{2882AEEB-D4CD-4EB9-8A6C-6653B33681F0}.Ad-Hoc|Any CPU.ActiveCfg = Release|Any CPU
		{2882AEEB-D4CD-4EB9-8A6C-6653B33681F0}.Ad-Hoc|Any CPU.Build.0 = Release|Any CPU
		{2882AEEB-D4CD-4EB9-8A6C-6653B33681F0}.Ad-Hoc|ARM.ActiveCfg = Release|Any CPU
		{2882AEEB-D4CD-4EB9-8A6C-6653B33681F0}.Ad-Hoc|ARM.Build.0 = Release|Any CPU
		{2882AEEB-D4CD-4EB9-8A6C-6653B33681F0}.Ad-Hoc|iPhone.ActiveCfg = Release|Any CPU
		{2882AEEB-D4CD-4EB9-8A6C-6653B33681F0}.Ad-Hoc|iPhone.Build.0 = Release|Any CPU
		{2882AEEB-D4CD-4EB9-8A6C-6653B33681F0}.Ad-Hoc|iPhoneSimulator.ActiveCfg = Release|Any CPU
		{2882AEEB-D4CD-4EB9-8A6C-6653B33681F0}.Ad-Hoc|iPhoneSimulator.Build.0 = Release|Any CPU
		{2882AEEB-D4CD-4EB9-8A6C-6653B33681F0}.Ad-Hoc|x64.ActiveCfg = Release|Any CPU
		{2882AEEB-D4CD-4EB9-8A6C-6653B33681F0}.Ad-Hoc|x64.Build.0 = Release|Any CPU
		{2882AEEB-D4CD-4EB9-8A6C-6653B33681F0}.Ad-Hoc|x86.ActiveCfg = Release|Any CPU
		{2882AEEB-D4CD-4EB9-8A6C-6653B33681F0}.Ad-Hoc|x86.Build.0 = Release|Any CPU
		{2882AEEB-D4CD-4EB9-8A6C-6653B33681F0}.AppStore|Any CPU.ActiveCfg = Release|Any CPU
		{2882AEEB-D4CD-4EB9-8A6C-6653B33681F0}.AppStore|Any CPU.Build.0 = Release|Any CPU
		{2882AEEB-D4CD-4EB9-8A6C-6653B33681F0}.AppStore|ARM.ActiveCfg = Release|Any CPU
		{2882AEEB-D4CD-4EB9-8A6C-6653B33681F0}.AppStore|ARM.Build.0 = Release|Any CPU
		{2882AEEB-D4CD-4EB9-8A6C-6653B33681F0}.AppStore|iPhone.ActiveCfg = Release|Any CPU
		{2882AEEB-D4CD-4EB9-8A6C-6653B33681F0}.AppStore|iPhone.Build.0 = Release|Any CPU
		{2882AEEB-D4CD-4EB9-8A6C-6653B33681F0}.AppStore|iPhoneSimulator.ActiveCfg = Release|Any CPU
		{2882AEEB-D4CD-4EB9-8A6C-6653B33681F0}.AppStore|iPhoneSimulator.Build.0 = Release|Any CPU
		{2882AEEB-D4CD-4EB9-8A6C-6653B33681F0}.AppStore|x64.ActiveCfg = Release|Any CPU
		{2882AEEB-D4CD-4EB9-8A6C-6653B33681F0}.AppStore|x64.Build.0 = Release|Any CPU
		{2882AEEB-D4CD-4EB9-8A6C-6653B33681F0}.AppStore|x86.ActiveCfg = Release|Any CPU
		{2882AEEB-D4CD-4EB9-8A6C-6653B33681F0}.AppStore|x86.Build.0 = Release|Any CPU
		{2882AEEB-D4CD-4EB9-8A6C-6653B33681F0}.Debug|Any CPU.ActiveCfg = Debug|Any CPU
		{2882AEEB-D4CD-4EB9-8A6C-6653B33681F0}.Debug|Any CPU.Build.0 = Debug|Any CPU
		{2882AEEB-D4CD-4EB9-8A6C-6653B33681F0}.Debug|ARM.ActiveCfg = Debug|Any CPU
		{2882AEEB-D4CD-4EB9-8A6C-6653B33681F0}.Debug|ARM.Build.0 = Debug|Any CPU
		{2882AEEB-D4CD-4EB9-8A6C-6653B33681F0}.Debug|iPhone.ActiveCfg = Debug|Any CPU
		{2882AEEB-D4CD-4EB9-8A6C-6653B33681F0}.Debug|iPhone.Build.0 = Debug|Any CPU
		{2882AEEB-D4CD-4EB9-8A6C-6653B33681F0}.Debug|iPhoneSimulator.ActiveCfg = Debug|Any CPU
		{2882AEEB-D4CD-4EB9-8A6C-6653B33681F0}.Debug|iPhoneSimulator.Build.0 = Debug|Any CPU
		{2882AEEB-D4CD-4EB9-8A6C-6653B33681F0}.Debug|x64.ActiveCfg = Debug|Any CPU
		{2882AEEB-D4CD-4EB9-8A6C-6653B33681F0}.Debug|x64.Build.0 = Debug|Any CPU
		{2882AEEB-D4CD-4EB9-8A6C-6653B33681F0}.Debug|x86.ActiveCfg = Debug|Any CPU
		{2882AEEB-D4CD-4EB9-8A6C-6653B33681F0}.Debug|x86.Build.0 = Debug|Any CPU
		{2882AEEB-D4CD-4EB9-8A6C-6653B33681F0}.Release|Any CPU.ActiveCfg = Release|Any CPU
		{2882AEEB-D4CD-4EB9-8A6C-6653B33681F0}.Release|Any CPU.Build.0 = Release|Any CPU
		{2882AEEB-D4CD-4EB9-8A6C-6653B33681F0}.Release|ARM.ActiveCfg = Release|Any CPU
		{2882AEEB-D4CD-4EB9-8A6C-6653B33681F0}.Release|ARM.Build.0 = Release|Any CPU
		{2882AEEB-D4CD-4EB9-8A6C-6653B33681F0}.Release|iPhone.ActiveCfg = Release|Any CPU
		{2882AEEB-D4CD-4EB9-8A6C-6653B33681F0}.Release|iPhone.Build.0 = Release|Any CPU
		{2882AEEB-D4CD-4EB9-8A6C-6653B33681F0}.Release|iPhoneSimulator.ActiveCfg = Release|Any CPU
		{2882AEEB-D4CD-4EB9-8A6C-6653B33681F0}.Release|iPhoneSimulator.Build.0 = Release|Any CPU
		{2882AEEB-D4CD-4EB9-8A6C-6653B33681F0}.Release|x64.ActiveCfg = Release|Any CPU
		{2882AEEB-D4CD-4EB9-8A6C-6653B33681F0}.Release|x64.Build.0 = Release|Any CPU
		{2882AEEB-D4CD-4EB9-8A6C-6653B33681F0}.Release|x86.ActiveCfg = Release|Any CPU
		{2882AEEB-D4CD-4EB9-8A6C-6653B33681F0}.Release|x86.Build.0 = Release|Any CPU
		{56A56F17-7DE1-4CA1-9617-BF32E971AC84}.Ad-Hoc|Any CPU.ActiveCfg = Release|Any CPU
		{56A56F17-7DE1-4CA1-9617-BF32E971AC84}.Ad-Hoc|Any CPU.Build.0 = Release|Any CPU
		{56A56F17-7DE1-4CA1-9617-BF32E971AC84}.Ad-Hoc|ARM.ActiveCfg = Release|Any CPU
		{56A56F17-7DE1-4CA1-9617-BF32E971AC84}.Ad-Hoc|ARM.Build.0 = Release|Any CPU
		{56A56F17-7DE1-4CA1-9617-BF32E971AC84}.Ad-Hoc|iPhone.ActiveCfg = Release|Any CPU
		{56A56F17-7DE1-4CA1-9617-BF32E971AC84}.Ad-Hoc|iPhone.Build.0 = Release|Any CPU
		{56A56F17-7DE1-4CA1-9617-BF32E971AC84}.Ad-Hoc|iPhoneSimulator.ActiveCfg = Release|Any CPU
		{56A56F17-7DE1-4CA1-9617-BF32E971AC84}.Ad-Hoc|iPhoneSimulator.Build.0 = Release|Any CPU
		{56A56F17-7DE1-4CA1-9617-BF32E971AC84}.Ad-Hoc|x64.ActiveCfg = Release|Any CPU
		{56A56F17-7DE1-4CA1-9617-BF32E971AC84}.Ad-Hoc|x64.Build.0 = Release|Any CPU
		{56A56F17-7DE1-4CA1-9617-BF32E971AC84}.Ad-Hoc|x86.ActiveCfg = Release|Any CPU
		{56A56F17-7DE1-4CA1-9617-BF32E971AC84}.Ad-Hoc|x86.Build.0 = Release|Any CPU
		{56A56F17-7DE1-4CA1-9617-BF32E971AC84}.AppStore|Any CPU.ActiveCfg = Release|Any CPU
		{56A56F17-7DE1-4CA1-9617-BF32E971AC84}.AppStore|Any CPU.Build.0 = Release|Any CPU
		{56A56F17-7DE1-4CA1-9617-BF32E971AC84}.AppStore|ARM.ActiveCfg = Release|Any CPU
		{56A56F17-7DE1-4CA1-9617-BF32E971AC84}.AppStore|ARM.Build.0 = Release|Any CPU
		{56A56F17-7DE1-4CA1-9617-BF32E971AC84}.AppStore|iPhone.ActiveCfg = Release|Any CPU
		{56A56F17-7DE1-4CA1-9617-BF32E971AC84}.AppStore|iPhone.Build.0 = Release|Any CPU
		{56A56F17-7DE1-4CA1-9617-BF32E971AC84}.AppStore|iPhoneSimulator.ActiveCfg = Release|Any CPU
		{56A56F17-7DE1-4CA1-9617-BF32E971AC84}.AppStore|iPhoneSimulator.Build.0 = Release|Any CPU
		{56A56F17-7DE1-4CA1-9617-BF32E971AC84}.AppStore|x64.ActiveCfg = Release|Any CPU
		{56A56F17-7DE1-4CA1-9617-BF32E971AC84}.AppStore|x64.Build.0 = Release|Any CPU
		{56A56F17-7DE1-4CA1-9617-BF32E971AC84}.AppStore|x86.ActiveCfg = Release|Any CPU
		{56A56F17-7DE1-4CA1-9617-BF32E971AC84}.AppStore|x86.Build.0 = Release|Any CPU
		{56A56F17-7DE1-4CA1-9617-BF32E971AC84}.Debug|Any CPU.ActiveCfg = Debug|Any CPU
		{56A56F17-7DE1-4CA1-9617-BF32E971AC84}.Debug|Any CPU.Build.0 = Debug|Any CPU
		{56A56F17-7DE1-4CA1-9617-BF32E971AC84}.Debug|ARM.ActiveCfg = Debug|Any CPU
		{56A56F17-7DE1-4CA1-9617-BF32E971AC84}.Debug|ARM.Build.0 = Debug|Any CPU
		{56A56F17-7DE1-4CA1-9617-BF32E971AC84}.Debug|iPhone.ActiveCfg = Debug|Any CPU
		{56A56F17-7DE1-4CA1-9617-BF32E971AC84}.Debug|iPhone.Build.0 = Debug|Any CPU
		{56A56F17-7DE1-4CA1-9617-BF32E971AC84}.Debug|iPhoneSimulator.ActiveCfg = Debug|Any CPU
		{56A56F17-7DE1-4CA1-9617-BF32E971AC84}.Debug|iPhoneSimulator.Build.0 = Debug|Any CPU
		{56A56F17-7DE1-4CA1-9617-BF32E971AC84}.Debug|x64.ActiveCfg = Debug|Any CPU
		{56A56F17-7DE1-4CA1-9617-BF32E971AC84}.Debug|x64.Build.0 = Debug|Any CPU
		{56A56F17-7DE1-4CA1-9617-BF32E971AC84}.Debug|x86.ActiveCfg = Debug|Any CPU
		{56A56F17-7DE1-4CA1-9617-BF32E971AC84}.Debug|x86.Build.0 = Debug|Any CPU
		{56A56F17-7DE1-4CA1-9617-BF32E971AC84}.Release|Any CPU.ActiveCfg = Release|Any CPU
		{56A56F17-7DE1-4CA1-9617-BF32E971AC84}.Release|Any CPU.Build.0 = Release|Any CPU
		{56A56F17-7DE1-4CA1-9617-BF32E971AC84}.Release|ARM.ActiveCfg = Release|Any CPU
		{56A56F17-7DE1-4CA1-9617-BF32E971AC84}.Release|ARM.Build.0 = Release|Any CPU
		{56A56F17-7DE1-4CA1-9617-BF32E971AC84}.Release|iPhone.ActiveCfg = Release|Any CPU
		{56A56F17-7DE1-4CA1-9617-BF32E971AC84}.Release|iPhone.Build.0 = Release|Any CPU
		{56A56F17-7DE1-4CA1-9617-BF32E971AC84}.Release|iPhoneSimulator.ActiveCfg = Release|Any CPU
		{56A56F17-7DE1-4CA1-9617-BF32E971AC84}.Release|iPhoneSimulator.Build.0 = Release|Any CPU
		{56A56F17-7DE1-4CA1-9617-BF32E971AC84}.Release|x64.ActiveCfg = Release|Any CPU
		{56A56F17-7DE1-4CA1-9617-BF32E971AC84}.Release|x64.Build.0 = Release|Any CPU
		{56A56F17-7DE1-4CA1-9617-BF32E971AC84}.Release|x86.ActiveCfg = Release|Any CPU
		{56A56F17-7DE1-4CA1-9617-BF32E971AC84}.Release|x86.Build.0 = Release|Any CPU
		{0565D9C8-D4D9-4823-B474-512B3024858E}.Ad-Hoc|Any CPU.ActiveCfg = Release|Any CPU
		{0565D9C8-D4D9-4823-B474-512B3024858E}.Ad-Hoc|Any CPU.Build.0 = Release|Any CPU
		{0565D9C8-D4D9-4823-B474-512B3024858E}.Ad-Hoc|Any CPU.Deploy.0 = Release|Any CPU
		{0565D9C8-D4D9-4823-B474-512B3024858E}.Ad-Hoc|ARM.ActiveCfg = Release|Any CPU
		{0565D9C8-D4D9-4823-B474-512B3024858E}.Ad-Hoc|ARM.Build.0 = Release|Any CPU
		{0565D9C8-D4D9-4823-B474-512B3024858E}.Ad-Hoc|ARM.Deploy.0 = Release|Any CPU
		{0565D9C8-D4D9-4823-B474-512B3024858E}.Ad-Hoc|iPhone.ActiveCfg = Release|Any CPU
		{0565D9C8-D4D9-4823-B474-512B3024858E}.Ad-Hoc|iPhone.Build.0 = Release|Any CPU
		{0565D9C8-D4D9-4823-B474-512B3024858E}.Ad-Hoc|iPhone.Deploy.0 = Release|Any CPU
		{0565D9C8-D4D9-4823-B474-512B3024858E}.Ad-Hoc|iPhoneSimulator.ActiveCfg = Release|Any CPU
		{0565D9C8-D4D9-4823-B474-512B3024858E}.Ad-Hoc|iPhoneSimulator.Build.0 = Release|Any CPU
		{0565D9C8-D4D9-4823-B474-512B3024858E}.Ad-Hoc|iPhoneSimulator.Deploy.0 = Release|Any CPU
		{0565D9C8-D4D9-4823-B474-512B3024858E}.Ad-Hoc|x64.ActiveCfg = Release|Any CPU
		{0565D9C8-D4D9-4823-B474-512B3024858E}.Ad-Hoc|x64.Build.0 = Release|Any CPU
		{0565D9C8-D4D9-4823-B474-512B3024858E}.Ad-Hoc|x64.Deploy.0 = Release|Any CPU
		{0565D9C8-D4D9-4823-B474-512B3024858E}.Ad-Hoc|x86.ActiveCfg = Release|Any CPU
		{0565D9C8-D4D9-4823-B474-512B3024858E}.Ad-Hoc|x86.Build.0 = Release|Any CPU
		{0565D9C8-D4D9-4823-B474-512B3024858E}.Ad-Hoc|x86.Deploy.0 = Release|Any CPU
		{0565D9C8-D4D9-4823-B474-512B3024858E}.AppStore|Any CPU.ActiveCfg = Release|Any CPU
		{0565D9C8-D4D9-4823-B474-512B3024858E}.AppStore|Any CPU.Build.0 = Release|Any CPU
		{0565D9C8-D4D9-4823-B474-512B3024858E}.AppStore|Any CPU.Deploy.0 = Release|Any CPU
		{0565D9C8-D4D9-4823-B474-512B3024858E}.AppStore|ARM.ActiveCfg = Release|Any CPU
		{0565D9C8-D4D9-4823-B474-512B3024858E}.AppStore|ARM.Build.0 = Release|Any CPU
		{0565D9C8-D4D9-4823-B474-512B3024858E}.AppStore|ARM.Deploy.0 = Release|Any CPU
		{0565D9C8-D4D9-4823-B474-512B3024858E}.AppStore|iPhone.ActiveCfg = Release|Any CPU
		{0565D9C8-D4D9-4823-B474-512B3024858E}.AppStore|iPhone.Build.0 = Release|Any CPU
		{0565D9C8-D4D9-4823-B474-512B3024858E}.AppStore|iPhone.Deploy.0 = Release|Any CPU
		{0565D9C8-D4D9-4823-B474-512B3024858E}.AppStore|iPhoneSimulator.ActiveCfg = Release|Any CPU
		{0565D9C8-D4D9-4823-B474-512B3024858E}.AppStore|iPhoneSimulator.Build.0 = Release|Any CPU
		{0565D9C8-D4D9-4823-B474-512B3024858E}.AppStore|iPhoneSimulator.Deploy.0 = Release|Any CPU
		{0565D9C8-D4D9-4823-B474-512B3024858E}.AppStore|x64.ActiveCfg = Release|Any CPU
		{0565D9C8-D4D9-4823-B474-512B3024858E}.AppStore|x64.Build.0 = Release|Any CPU
		{0565D9C8-D4D9-4823-B474-512B3024858E}.AppStore|x64.Deploy.0 = Release|Any CPU
		{0565D9C8-D4D9-4823-B474-512B3024858E}.AppStore|x86.ActiveCfg = Release|Any CPU
		{0565D9C8-D4D9-4823-B474-512B3024858E}.AppStore|x86.Build.0 = Release|Any CPU
		{0565D9C8-D4D9-4823-B474-512B3024858E}.AppStore|x86.Deploy.0 = Release|Any CPU
		{0565D9C8-D4D9-4823-B474-512B3024858E}.Debug|Any CPU.ActiveCfg = Debug|Any CPU
		{0565D9C8-D4D9-4823-B474-512B3024858E}.Debug|Any CPU.Build.0 = Debug|Any CPU
		{0565D9C8-D4D9-4823-B474-512B3024858E}.Debug|Any CPU.Deploy.0 = Debug|Any CPU
		{0565D9C8-D4D9-4823-B474-512B3024858E}.Debug|ARM.ActiveCfg = Debug|Any CPU
		{0565D9C8-D4D9-4823-B474-512B3024858E}.Debug|ARM.Build.0 = Debug|Any CPU
		{0565D9C8-D4D9-4823-B474-512B3024858E}.Debug|ARM.Deploy.0 = Debug|Any CPU
		{0565D9C8-D4D9-4823-B474-512B3024858E}.Debug|iPhone.ActiveCfg = Debug|Any CPU
		{0565D9C8-D4D9-4823-B474-512B3024858E}.Debug|iPhone.Build.0 = Debug|Any CPU
		{0565D9C8-D4D9-4823-B474-512B3024858E}.Debug|iPhone.Deploy.0 = Debug|Any CPU
		{0565D9C8-D4D9-4823-B474-512B3024858E}.Debug|iPhoneSimulator.ActiveCfg = Debug|Any CPU
		{0565D9C8-D4D9-4823-B474-512B3024858E}.Debug|iPhoneSimulator.Build.0 = Debug|Any CPU
		{0565D9C8-D4D9-4823-B474-512B3024858E}.Debug|iPhoneSimulator.Deploy.0 = Debug|Any CPU
		{0565D9C8-D4D9-4823-B474-512B3024858E}.Debug|x64.ActiveCfg = Debug|Any CPU
		{0565D9C8-D4D9-4823-B474-512B3024858E}.Debug|x64.Build.0 = Debug|Any CPU
		{0565D9C8-D4D9-4823-B474-512B3024858E}.Debug|x64.Deploy.0 = Debug|Any CPU
		{0565D9C8-D4D9-4823-B474-512B3024858E}.Debug|x86.ActiveCfg = Debug|Any CPU
		{0565D9C8-D4D9-4823-B474-512B3024858E}.Debug|x86.Build.0 = Debug|Any CPU
		{0565D9C8-D4D9-4823-B474-512B3024858E}.Debug|x86.Deploy.0 = Debug|Any CPU
		{0565D9C8-D4D9-4823-B474-512B3024858E}.Release|Any CPU.ActiveCfg = Release|Any CPU
		{0565D9C8-D4D9-4823-B474-512B3024858E}.Release|Any CPU.Build.0 = Release|Any CPU
		{0565D9C8-D4D9-4823-B474-512B3024858E}.Release|Any CPU.Deploy.0 = Release|Any CPU
		{0565D9C8-D4D9-4823-B474-512B3024858E}.Release|ARM.ActiveCfg = Release|Any CPU
		{0565D9C8-D4D9-4823-B474-512B3024858E}.Release|ARM.Build.0 = Release|Any CPU
		{0565D9C8-D4D9-4823-B474-512B3024858E}.Release|ARM.Deploy.0 = Release|Any CPU
		{0565D9C8-D4D9-4823-B474-512B3024858E}.Release|iPhone.ActiveCfg = Release|Any CPU
		{0565D9C8-D4D9-4823-B474-512B3024858E}.Release|iPhone.Build.0 = Release|Any CPU
		{0565D9C8-D4D9-4823-B474-512B3024858E}.Release|iPhone.Deploy.0 = Release|Any CPU
		{0565D9C8-D4D9-4823-B474-512B3024858E}.Release|iPhoneSimulator.ActiveCfg = Release|Any CPU
		{0565D9C8-D4D9-4823-B474-512B3024858E}.Release|iPhoneSimulator.Build.0 = Release|Any CPU
		{0565D9C8-D4D9-4823-B474-512B3024858E}.Release|iPhoneSimulator.Deploy.0 = Release|Any CPU
		{0565D9C8-D4D9-4823-B474-512B3024858E}.Release|x64.ActiveCfg = Release|Any CPU
		{0565D9C8-D4D9-4823-B474-512B3024858E}.Release|x64.Build.0 = Release|Any CPU
		{0565D9C8-D4D9-4823-B474-512B3024858E}.Release|x64.Deploy.0 = Release|Any CPU
		{0565D9C8-D4D9-4823-B474-512B3024858E}.Release|x86.ActiveCfg = Release|Any CPU
		{0565D9C8-D4D9-4823-B474-512B3024858E}.Release|x86.Build.0 = Release|Any CPU
		{0565D9C8-D4D9-4823-B474-512B3024858E}.Release|x86.Deploy.0 = Release|Any CPU
		{EC986EEA-39AA-4922-842E-2C400F8895A0}.Ad-Hoc|Any CPU.ActiveCfg = Release|Any CPU
		{EC986EEA-39AA-4922-842E-2C400F8895A0}.Ad-Hoc|Any CPU.Build.0 = Release|Any CPU
		{EC986EEA-39AA-4922-842E-2C400F8895A0}.Ad-Hoc|ARM.ActiveCfg = Release|Any CPU
		{EC986EEA-39AA-4922-842E-2C400F8895A0}.Ad-Hoc|ARM.Build.0 = Release|Any CPU
		{EC986EEA-39AA-4922-842E-2C400F8895A0}.Ad-Hoc|iPhone.ActiveCfg = Release|Any CPU
		{EC986EEA-39AA-4922-842E-2C400F8895A0}.Ad-Hoc|iPhone.Build.0 = Release|Any CPU
		{EC986EEA-39AA-4922-842E-2C400F8895A0}.Ad-Hoc|iPhoneSimulator.ActiveCfg = Release|Any CPU
		{EC986EEA-39AA-4922-842E-2C400F8895A0}.Ad-Hoc|iPhoneSimulator.Build.0 = Release|Any CPU
		{EC986EEA-39AA-4922-842E-2C400F8895A0}.Ad-Hoc|x64.ActiveCfg = Release|Any CPU
		{EC986EEA-39AA-4922-842E-2C400F8895A0}.Ad-Hoc|x64.Build.0 = Release|Any CPU
		{EC986EEA-39AA-4922-842E-2C400F8895A0}.Ad-Hoc|x86.ActiveCfg = Release|Any CPU
		{EC986EEA-39AA-4922-842E-2C400F8895A0}.Ad-Hoc|x86.Build.0 = Release|Any CPU
		{EC986EEA-39AA-4922-842E-2C400F8895A0}.AppStore|Any CPU.ActiveCfg = Release|Any CPU
		{EC986EEA-39AA-4922-842E-2C400F8895A0}.AppStore|Any CPU.Build.0 = Release|Any CPU
		{EC986EEA-39AA-4922-842E-2C400F8895A0}.AppStore|ARM.ActiveCfg = Release|Any CPU
		{EC986EEA-39AA-4922-842E-2C400F8895A0}.AppStore|ARM.Build.0 = Release|Any CPU
		{EC986EEA-39AA-4922-842E-2C400F8895A0}.AppStore|iPhone.ActiveCfg = Release|Any CPU
		{EC986EEA-39AA-4922-842E-2C400F8895A0}.AppStore|iPhone.Build.0 = Release|Any CPU
		{EC986EEA-39AA-4922-842E-2C400F8895A0}.AppStore|iPhoneSimulator.ActiveCfg = Release|Any CPU
		{EC986EEA-39AA-4922-842E-2C400F8895A0}.AppStore|iPhoneSimulator.Build.0 = Release|Any CPU
		{EC986EEA-39AA-4922-842E-2C400F8895A0}.AppStore|x64.ActiveCfg = Release|Any CPU
		{EC986EEA-39AA-4922-842E-2C400F8895A0}.AppStore|x64.Build.0 = Release|Any CPU
		{EC986EEA-39AA-4922-842E-2C400F8895A0}.AppStore|x86.ActiveCfg = Release|Any CPU
		{EC986EEA-39AA-4922-842E-2C400F8895A0}.AppStore|x86.Build.0 = Release|Any CPU
		{EC986EEA-39AA-4922-842E-2C400F8895A0}.Debug|Any CPU.ActiveCfg = Debug|Any CPU
		{EC986EEA-39AA-4922-842E-2C400F8895A0}.Debug|Any CPU.Build.0 = Debug|Any CPU
		{EC986EEA-39AA-4922-842E-2C400F8895A0}.Debug|ARM.ActiveCfg = Debug|Any CPU
		{EC986EEA-39AA-4922-842E-2C400F8895A0}.Debug|ARM.Build.0 = Debug|Any CPU
		{EC986EEA-39AA-4922-842E-2C400F8895A0}.Debug|iPhone.ActiveCfg = Debug|Any CPU
		{EC986EEA-39AA-4922-842E-2C400F8895A0}.Debug|iPhone.Build.0 = Debug|Any CPU
		{EC986EEA-39AA-4922-842E-2C400F8895A0}.Debug|iPhoneSimulator.ActiveCfg = Debug|Any CPU
		{EC986EEA-39AA-4922-842E-2C400F8895A0}.Debug|iPhoneSimulator.Build.0 = Debug|Any CPU
		{EC986EEA-39AA-4922-842E-2C400F8895A0}.Debug|x64.ActiveCfg = Debug|Any CPU
		{EC986EEA-39AA-4922-842E-2C400F8895A0}.Debug|x64.Build.0 = Debug|Any CPU
		{EC986EEA-39AA-4922-842E-2C400F8895A0}.Debug|x86.ActiveCfg = Debug|Any CPU
		{EC986EEA-39AA-4922-842E-2C400F8895A0}.Debug|x86.Build.0 = Debug|Any CPU
		{EC986EEA-39AA-4922-842E-2C400F8895A0}.Release|Any CPU.ActiveCfg = Release|Any CPU
		{EC986EEA-39AA-4922-842E-2C400F8895A0}.Release|Any CPU.Build.0 = Release|Any CPU
		{EC986EEA-39AA-4922-842E-2C400F8895A0}.Release|ARM.ActiveCfg = Release|Any CPU
		{EC986EEA-39AA-4922-842E-2C400F8895A0}.Release|ARM.Build.0 = Release|Any CPU
		{EC986EEA-39AA-4922-842E-2C400F8895A0}.Release|iPhone.ActiveCfg = Release|Any CPU
		{EC986EEA-39AA-4922-842E-2C400F8895A0}.Release|iPhone.Build.0 = Release|Any CPU
		{EC986EEA-39AA-4922-842E-2C400F8895A0}.Release|iPhoneSimulator.ActiveCfg = Release|Any CPU
		{EC986EEA-39AA-4922-842E-2C400F8895A0}.Release|iPhoneSimulator.Build.0 = Release|Any CPU
		{EC986EEA-39AA-4922-842E-2C400F8895A0}.Release|x64.ActiveCfg = Release|Any CPU
		{EC986EEA-39AA-4922-842E-2C400F8895A0}.Release|x64.Build.0 = Release|Any CPU
		{EC986EEA-39AA-4922-842E-2C400F8895A0}.Release|x86.ActiveCfg = Release|Any CPU
		{EC986EEA-39AA-4922-842E-2C400F8895A0}.Release|x86.Build.0 = Release|Any CPU
		{8C5CA6E7-F02A-4474-B603-0E5467BCB924}.Ad-Hoc|Any CPU.ActiveCfg = Ad-Hoc|iPhone
		{8C5CA6E7-F02A-4474-B603-0E5467BCB924}.Ad-Hoc|ARM.ActiveCfg = Ad-Hoc|iPhone
		{8C5CA6E7-F02A-4474-B603-0E5467BCB924}.Ad-Hoc|iPhone.ActiveCfg = Ad-Hoc|iPhone
		{8C5CA6E7-F02A-4474-B603-0E5467BCB924}.Ad-Hoc|iPhone.Build.0 = Ad-Hoc|iPhone
		{8C5CA6E7-F02A-4474-B603-0E5467BCB924}.Ad-Hoc|iPhoneSimulator.ActiveCfg = Ad-Hoc|iPhoneSimulator
		{8C5CA6E7-F02A-4474-B603-0E5467BCB924}.Ad-Hoc|iPhoneSimulator.Build.0 = Ad-Hoc|iPhoneSimulator
		{8C5CA6E7-F02A-4474-B603-0E5467BCB924}.Ad-Hoc|x64.ActiveCfg = Ad-Hoc|iPhone
		{8C5CA6E7-F02A-4474-B603-0E5467BCB924}.Ad-Hoc|x86.ActiveCfg = Ad-Hoc|iPhone
		{8C5CA6E7-F02A-4474-B603-0E5467BCB924}.AppStore|Any CPU.ActiveCfg = AppStore|iPhone
		{8C5CA6E7-F02A-4474-B603-0E5467BCB924}.AppStore|ARM.ActiveCfg = AppStore|iPhone
		{8C5CA6E7-F02A-4474-B603-0E5467BCB924}.AppStore|iPhone.ActiveCfg = AppStore|iPhone
		{8C5CA6E7-F02A-4474-B603-0E5467BCB924}.AppStore|iPhone.Build.0 = AppStore|iPhone
		{8C5CA6E7-F02A-4474-B603-0E5467BCB924}.AppStore|iPhoneSimulator.ActiveCfg = AppStore|iPhoneSimulator
		{8C5CA6E7-F02A-4474-B603-0E5467BCB924}.AppStore|iPhoneSimulator.Build.0 = AppStore|iPhoneSimulator
		{8C5CA6E7-F02A-4474-B603-0E5467BCB924}.AppStore|x64.ActiveCfg = AppStore|iPhone
		{8C5CA6E7-F02A-4474-B603-0E5467BCB924}.AppStore|x86.ActiveCfg = AppStore|iPhone
		{8C5CA6E7-F02A-4474-B603-0E5467BCB924}.Debug|Any CPU.ActiveCfg = Debug|iPhone
		{8C5CA6E7-F02A-4474-B603-0E5467BCB924}.Debug|ARM.ActiveCfg = Debug|iPhone
		{8C5CA6E7-F02A-4474-B603-0E5467BCB924}.Debug|iPhone.ActiveCfg = Debug|iPhone
		{8C5CA6E7-F02A-4474-B603-0E5467BCB924}.Debug|iPhone.Build.0 = Debug|iPhone
		{8C5CA6E7-F02A-4474-B603-0E5467BCB924}.Debug|iPhoneSimulator.ActiveCfg = Debug|iPhoneSimulator
		{8C5CA6E7-F02A-4474-B603-0E5467BCB924}.Debug|iPhoneSimulator.Build.0 = Debug|iPhoneSimulator
		{8C5CA6E7-F02A-4474-B603-0E5467BCB924}.Debug|x64.ActiveCfg = Debug|iPhone
		{8C5CA6E7-F02A-4474-B603-0E5467BCB924}.Debug|x86.ActiveCfg = Debug|iPhone
		{8C5CA6E7-F02A-4474-B603-0E5467BCB924}.Release|Any CPU.ActiveCfg = Release|iPhone
		{8C5CA6E7-F02A-4474-B603-0E5467BCB924}.Release|ARM.ActiveCfg = Release|iPhone
		{8C5CA6E7-F02A-4474-B603-0E5467BCB924}.Release|iPhone.ActiveCfg = Release|iPhone
		{8C5CA6E7-F02A-4474-B603-0E5467BCB924}.Release|iPhone.Build.0 = Release|iPhone
		{8C5CA6E7-F02A-4474-B603-0E5467BCB924}.Release|iPhoneSimulator.ActiveCfg = Release|iPhoneSimulator
		{8C5CA6E7-F02A-4474-B603-0E5467BCB924}.Release|iPhoneSimulator.Build.0 = Release|iPhoneSimulator
		{8C5CA6E7-F02A-4474-B603-0E5467BCB924}.Release|x64.ActiveCfg = Release|iPhone
		{8C5CA6E7-F02A-4474-B603-0E5467BCB924}.Release|x86.ActiveCfg = Release|iPhone
	EndGlobalSection
	GlobalSection(SolutionProperties) = preSolution
		HideSolutionNode = FALSE
	EndGlobalSection
	GlobalSection(NestedProjects) = preSolution
		{A6FCEF44-D2BA-42C7-B3CB-13667BCD7B54} = {2833A96C-B137-471D-A436-5BA121DEF6BB}
		{6EDB0588-FFC5-4EF5-8A99-9E241D0F878D} = {2833A96C-B137-471D-A436-5BA121DEF6BB}
		{2882AEEB-D4CD-4EB9-8A6C-6653B33681F0} = {2833A96C-B137-471D-A436-5BA121DEF6BB}
		{56A56F17-7DE1-4CA1-9617-BF32E971AC84} = {2833A96C-B137-471D-A436-5BA121DEF6BB}
		{AEF59902-D1DD-404F-88DB-9E905AF87A2D} = {6F8ABA32-5BF0-487A-BA10-84C965085E71}
		{0565D9C8-D4D9-4823-B474-512B3024858E} = {AEF59902-D1DD-404F-88DB-9E905AF87A2D}
		{EC986EEA-39AA-4922-842E-2C400F8895A0} = {AEF59902-D1DD-404F-88DB-9E905AF87A2D}
		{8C5CA6E7-F02A-4474-B603-0E5467BCB924} = {AEF59902-D1DD-404F-88DB-9E905AF87A2D}
	EndGlobalSection
EndGlobal
