
Microsoft Visual Studio Solution File, Format Version 12.00
# Visual Studio 15
VisualStudioVersion = 15.0.26430.6
MinimumVisualStudioVersion = 10.0.40219.1
Project("{FAE04EC0-301F-11D3-BF4B-00C04F79EFBC}") = "PlacePickerForms.Android", "PlacePickerForms\PlacePickerForms.Android\PlacePickerForms.Android.csproj", "{B9A99AEC-72BD-475B-92FA-F84AE156B8D7}"
EndProject
Project("{FAE04EC0-301F-11D3-BF4B-00C04F79EFBC}") = "PlacePickerForms", "PlacePickerForms\PlacePickerForms\PlacePickerForms.csproj", "{D7A223CC-3064-4518-87BA-3E0A19E5A16F}"
EndProject
Project("{FAE04EC0-301F-11D3-BF4B-00C04F79EFBC}") = "PlacePickerForms.iOS", "PlacePickerForms\PlacePickerForms.iOS\PlacePickerForms.iOS.csproj", "{5990DCB9-AEB2-4EBF-B70B-C697527DC59E}"
EndProject
Global
	GlobalSection(SolutionConfigurationPlatforms) = preSolution
		Ad-Hoc|Any CPU = Ad-Hoc|Any CPU
		Ad-Hoc|ARM = Ad-Hoc|ARM
		Ad-Hoc|iPhone = Ad-Hoc|iPhone
		Ad-Hoc|iPhoneSimulator = Ad-Hoc|iPhoneSimulator
		Ad-Hoc|x64 = Ad-Hoc|x64
		Ad-Hoc|x86 = Ad-Hoc|x86
		AppStore|Any CPU = AppStore|Any CPU
		AppStore|ARM = AppStore|ARM
		AppStore|iPhone = AppStore|iPhone
		AppStore|iPhoneSimulator = AppStore|iPhoneSimulator
		AppStore|x64 = AppStore|x64
		AppStore|x86 = AppStore|x86
		Debug|Any CPU = Debug|Any CPU
		Debug|ARM = Debug|ARM
		Debug|iPhone = Debug|iPhone
		Debug|iPhoneSimulator = Debug|iPhoneSimulator
		Debug|x64 = Debug|x64
		Debug|x86 = Debug|x86
		Release|Any CPU = Release|Any CPU
		Release|ARM = Release|ARM
		Release|iPhone = Release|iPhone
		Release|iPhoneSimulator = Release|iPhoneSimulator
		Release|x64 = Release|x64
		Release|x86 = Release|x86
	EndGlobalSection
	GlobalSection(ProjectConfigurationPlatforms) = postSolution
		{B9A99AEC-72BD-475B-92FA-F84AE156B8D7}.Ad-Hoc|Any CPU.ActiveCfg = Release|Any CPU
		{B9A99AEC-72BD-475B-92FA-F84AE156B8D7}.Ad-Hoc|Any CPU.Build.0 = Release|Any CPU
		{B9A99AEC-72BD-475B-92FA-F84AE156B8D7}.Ad-Hoc|Any CPU.Deploy.0 = Release|Any CPU
		{B9A99AEC-72BD-475B-92FA-F84AE156B8D7}.Ad-Hoc|ARM.ActiveCfg = Release|Any CPU
		{B9A99AEC-72BD-475B-92FA-F84AE156B8D7}.Ad-Hoc|ARM.Build.0 = Release|Any CPU
		{B9A99AEC-72BD-475B-92FA-F84AE156B8D7}.Ad-Hoc|ARM.Deploy.0 = Release|Any CPU
		{B9A99AEC-72BD-475B-92FA-F84AE156B8D7}.Ad-Hoc|iPhone.ActiveCfg = Release|Any CPU
		{B9A99AEC-72BD-475B-92FA-F84AE156B8D7}.Ad-Hoc|iPhone.Build.0 = Release|Any CPU
		{B9A99AEC-72BD-475B-92FA-F84AE156B8D7}.Ad-Hoc|iPhone.Deploy.0 = Release|Any CPU
		{B9A99AEC-72BD-475B-92FA-F84AE156B8D7}.Ad-Hoc|iPhoneSimulator.ActiveCfg = Release|Any CPU
		{B9A99AEC-72BD-475B-92FA-F84AE156B8D7}.Ad-Hoc|iPhoneSimulator.Build.0 = Release|Any CPU
		{B9A99AEC-72BD-475B-92FA-F84AE156B8D7}.Ad-Hoc|iPhoneSimulator.Deploy.0 = Release|Any CPU
		{B9A99AEC-72BD-475B-92FA-F84AE156B8D7}.Ad-Hoc|x64.ActiveCfg = Release|Any CPU
		{B9A99AEC-72BD-475B-92FA-F84AE156B8D7}.Ad-Hoc|x64.Build.0 = Release|Any CPU
		{B9A99AEC-72BD-475B-92FA-F84AE156B8D7}.Ad-Hoc|x64.Deploy.0 = Release|Any CPU
		{B9A99AEC-72BD-475B-92FA-F84AE156B8D7}.Ad-Hoc|x86.ActiveCfg = Release|Any CPU
		{B9A99AEC-72BD-475B-92FA-F84AE156B8D7}.Ad-Hoc|x86.Build.0 = Release|Any CPU
		{B9A99AEC-72BD-475B-92FA-F84AE156B8D7}.Ad-Hoc|x86.Deploy.0 = Release|Any CPU
		{B9A99AEC-72BD-475B-92FA-F84AE156B8D7}.AppStore|Any CPU.ActiveCfg = Release|Any CPU
		{B9A99AEC-72BD-475B-92FA-F84AE156B8D7}.AppStore|Any CPU.Build.0 = Release|Any CPU
		{B9A99AEC-72BD-475B-92FA-F84AE156B8D7}.AppStore|Any CPU.Deploy.0 = Release|Any CPU
		{B9A99AEC-72BD-475B-92FA-F84AE156B8D7}.AppStore|ARM.ActiveCfg = Release|Any CPU
		{B9A99AEC-72BD-475B-92FA-F84AE156B8D7}.AppStore|ARM.Build.0 = Release|Any CPU
		{B9A99AEC-72BD-475B-92FA-F84AE156B8D7}.AppStore|ARM.Deploy.0 = Release|Any CPU
		{B9A99AEC-72BD-475B-92FA-F84AE156B8D7}.AppStore|iPhone.ActiveCfg = Release|Any CPU
		{B9A99AEC-72BD-475B-92FA-F84AE156B8D7}.AppStore|iPhone.Build.0 = Release|Any CPU
		{B9A99AEC-72BD-475B-92FA-F84AE156B8D7}.AppStore|iPhone.Deploy.0 = Release|Any CPU
		{B9A99AEC-72BD-475B-92FA-F84AE156B8D7}.AppStore|iPhoneSimulator.ActiveCfg = Release|Any CPU
		{B9A99AEC-72BD-475B-92FA-F84AE156B8D7}.AppStore|iPhoneSimulator.Build.0 = Release|Any CPU
		{B9A99AEC-72BD-475B-92FA-F84AE156B8D7}.AppStore|iPhoneSimulator.Deploy.0 = Release|Any CPU
		{B9A99AEC-72BD-475B-92FA-F84AE156B8D7}.AppStore|x64.ActiveCfg = Release|Any CPU
		{B9A99AEC-72BD-475B-92FA-F84AE156B8D7}.AppStore|x64.Build.0 = Release|Any CPU
		{B9A99AEC-72BD-475B-92FA-F84AE156B8D7}.AppStore|x64.Deploy.0 = Release|Any CPU
		{B9A99AEC-72BD-475B-92FA-F84AE156B8D7}.AppStore|x86.ActiveCfg = Release|Any CPU
		{B9A99AEC-72BD-475B-92FA-F84AE156B8D7}.AppStore|x86.Build.0 = Release|Any CPU
		{B9A99AEC-72BD-475B-92FA-F84AE156B8D7}.AppStore|x86.Deploy.0 = Release|Any CPU
		{B9A99AEC-72BD-475B-92FA-F84AE156B8D7}.Debug|Any CPU.ActiveCfg = Debug|Any CPU
		{B9A99AEC-72BD-475B-92FA-F84AE156B8D7}.Debug|Any CPU.Build.0 = Debug|Any CPU
		{B9A99AEC-72BD-475B-92FA-F84AE156B8D7}.Debug|Any CPU.Deploy.0 = Debug|Any CPU
		{B9A99AEC-72BD-475B-92FA-F84AE156B8D7}.Debug|ARM.ActiveCfg = Debug|Any CPU
		{B9A99AEC-72BD-475B-92FA-F84AE156B8D7}.Debug|ARM.Build.0 = Debug|Any CPU
		{B9A99AEC-72BD-475B-92FA-F84AE156B8D7}.Debug|ARM.Deploy.0 = Debug|Any CPU
		{B9A99AEC-72BD-475B-92FA-F84AE156B8D7}.Debug|iPhone.ActiveCfg = Debug|Any CPU
		{B9A99AEC-72BD-475B-92FA-F84AE156B8D7}.Debug|iPhone.Build.0 = Debug|Any CPU
		{B9A99AEC-72BD-475B-92FA-F84AE156B8D7}.Debug|iPhone.Deploy.0 = Debug|Any CPU
		{B9A99AEC-72BD-475B-92FA-F84AE156B8D7}.Debug|iPhoneSimulator.ActiveCfg = Debug|Any CPU
		{B9A99AEC-72BD-475B-92FA-F84AE156B8D7}.Debug|iPhoneSimulator.Build.0 = Debug|Any CPU
		{B9A99AEC-72BD-475B-92FA-F84AE156B8D7}.Debug|iPhoneSimulator.Deploy.0 = Debug|Any CPU
		{B9A99AEC-72BD-475B-92FA-F84AE156B8D7}.Debug|x64.ActiveCfg = Debug|Any CPU
		{B9A99AEC-72BD-475B-92FA-F84AE156B8D7}.Debug|x64.Build.0 = Debug|Any CPU
		{B9A99AEC-72BD-475B-92FA-F84AE156B8D7}.Debug|x64.Deploy.0 = Debug|Any CPU
		{B9A99AEC-72BD-475B-92FA-F84AE156B8D7}.Debug|x86.ActiveCfg = Debug|Any CPU
		{B9A99AEC-72BD-475B-92FA-F84AE156B8D7}.Debug|x86.Build.0 = Debug|Any CPU
		{B9A99AEC-72BD-475B-92FA-F84AE156B8D7}.Debug|x86.Deploy.0 = Debug|Any CPU
		{B9A99AEC-72BD-475B-92FA-F84AE156B8D7}.Release|Any CPU.ActiveCfg = Release|Any CPU
		{B9A99AEC-72BD-475B-92FA-F84AE156B8D7}.Release|Any CPU.Build.0 = Release|Any CPU
		{B9A99AEC-72BD-475B-92FA-F84AE156B8D7}.Release|Any CPU.Deploy.0 = Release|Any CPU
		{B9A99AEC-72BD-475B-92FA-F84AE156B8D7}.Release|ARM.ActiveCfg = Release|Any CPU
		{B9A99AEC-72BD-475B-92FA-F84AE156B8D7}.Release|ARM.Build.0 = Release|Any CPU
		{B9A99AEC-72BD-475B-92FA-F84AE156B8D7}.Release|ARM.Deploy.0 = Release|Any CPU
		{B9A99AEC-72BD-475B-92FA-F84AE156B8D7}.Release|iPhone.ActiveCfg = Release|Any CPU
		{B9A99AEC-72BD-475B-92FA-F84AE156B8D7}.Release|iPhone.Build.0 = Release|Any CPU
		{B9A99AEC-72BD-475B-92FA-F84AE156B8D7}.Release|iPhone.Deploy.0 = Release|Any CPU
		{B9A99AEC-72BD-475B-92FA-F84AE156B8D7}.Release|iPhoneSimulator.ActiveCfg = Release|Any CPU
		{B9A99AEC-72BD-475B-92FA-F84AE156B8D7}.Release|iPhoneSimulator.Build.0 = Release|Any CPU
		{B9A99AEC-72BD-475B-92FA-F84AE156B8D7}.Release|iPhoneSimulator.Deploy.0 = Release|Any CPU
		{B9A99AEC-72BD-475B-92FA-F84AE156B8D7}.Release|x64.ActiveCfg = Release|Any CPU
		{B9A99AEC-72BD-475B-92FA-F84AE156B8D7}.Release|x64.Build.0 = Release|Any CPU
		{B9A99AEC-72BD-475B-92FA-F84AE156B8D7}.Release|x64.Deploy.0 = Release|Any CPU
		{B9A99AEC-72BD-475B-92FA-F84AE156B8D7}.Release|x86.ActiveCfg = Release|Any CPU
		{B9A99AEC-72BD-475B-92FA-F84AE156B8D7}.Release|x86.Build.0 = Release|Any CPU
		{B9A99AEC-72BD-475B-92FA-F84AE156B8D7}.Release|x86.Deploy.0 = Release|Any CPU
		{D7A223CC-3064-4518-87BA-3E0A19E5A16F}.Ad-Hoc|Any CPU.ActiveCfg = Release|Any CPU
		{D7A223CC-3064-4518-87BA-3E0A19E5A16F}.Ad-Hoc|Any CPU.Build.0 = Release|Any CPU
		{D7A223CC-3064-4518-87BA-3E0A19E5A16F}.Ad-Hoc|ARM.ActiveCfg = Release|Any CPU
		{D7A223CC-3064-4518-87BA-3E0A19E5A16F}.Ad-Hoc|ARM.Build.0 = Release|Any CPU
		{D7A223CC-3064-4518-87BA-3E0A19E5A16F}.Ad-Hoc|iPhone.ActiveCfg = Release|Any CPU
		{D7A223CC-3064-4518-87BA-3E0A19E5A16F}.Ad-Hoc|iPhone.Build.0 = Release|Any CPU
		{D7A223CC-3064-4518-87BA-3E0A19E5A16F}.Ad-Hoc|iPhoneSimulator.ActiveCfg = Release|Any CPU
		{D7A223CC-3064-4518-87BA-3E0A19E5A16F}.Ad-Hoc|iPhoneSimulator.Build.0 = Release|Any CPU
		{D7A223CC-3064-4518-87BA-3E0A19E5A16F}.Ad-Hoc|x64.ActiveCfg = Release|Any CPU
		{D7A223CC-3064-4518-87BA-3E0A19E5A16F}.Ad-Hoc|x64.Build.0 = Release|Any CPU
		{D7A223CC-3064-4518-87BA-3E0A19E5A16F}.Ad-Hoc|x86.ActiveCfg = Release|Any CPU
		{D7A223CC-3064-4518-87BA-3E0A19E5A16F}.Ad-Hoc|x86.Build.0 = Release|Any CPU
		{D7A223CC-3064-4518-87BA-3E0A19E5A16F}.AppStore|Any CPU.ActiveCfg = Release|Any CPU
		{D7A223CC-3064-4518-87BA-3E0A19E5A16F}.AppStore|Any CPU.Build.0 = Release|Any CPU
		{D7A223CC-3064-4518-87BA-3E0A19E5A16F}.AppStore|ARM.ActiveCfg = Release|Any CPU
		{D7A223CC-3064-4518-87BA-3E0A19E5A16F}.AppStore|ARM.Build.0 = Release|Any CPU
		{D7A223CC-3064-4518-87BA-3E0A19E5A16F}.AppStore|iPhone.ActiveCfg = Release|Any CPU
		{D7A223CC-3064-4518-87BA-3E0A19E5A16F}.AppStore|iPhone.Build.0 = Release|Any CPU
		{D7A223CC-3064-4518-87BA-3E0A19E5A16F}.AppStore|iPhoneSimulator.ActiveCfg = Release|Any CPU
		{D7A223CC-3064-4518-87BA-3E0A19E5A16F}.AppStore|iPhoneSimulator.Build.0 = Release|Any CPU
		{D7A223CC-3064-4518-87BA-3E0A19E5A16F}.AppStore|x64.ActiveCfg = Release|Any CPU
		{D7A223CC-3064-4518-87BA-3E0A19E5A16F}.AppStore|x64.Build.0 = Release|Any CPU
		{D7A223CC-3064-4518-87BA-3E0A19E5A16F}.AppStore|x86.ActiveCfg = Release|Any CPU
		{D7A223CC-3064-4518-87BA-3E0A19E5A16F}.AppStore|x86.Build.0 = Release|Any CPU
		{D7A223CC-3064-4518-87BA-3E0A19E5A16F}.Debug|Any CPU.ActiveCfg = Debug|Any CPU
		{D7A223CC-3064-4518-87BA-3E0A19E5A16F}.Debug|Any CPU.Build.0 = Debug|Any CPU
		{D7A223CC-3064-4518-87BA-3E0A19E5A16F}.Debug|ARM.ActiveCfg = Debug|Any CPU
		{D7A223CC-3064-4518-87BA-3E0A19E5A16F}.Debug|ARM.Build.0 = Debug|Any CPU
		{D7A223CC-3064-4518-87BA-3E0A19E5A16F}.Debug|iPhone.ActiveCfg = Debug|Any CPU
		{D7A223CC-3064-4518-87BA-3E0A19E5A16F}.Debug|iPhone.Build.0 = Debug|Any CPU
		{D7A223CC-3064-4518-87BA-3E0A19E5A16F}.Debug|iPhoneSimulator.ActiveCfg = Debug|Any CPU
		{D7A223CC-3064-4518-87BA-3E0A19E5A16F}.Debug|iPhoneSimulator.Build.0 = Debug|Any CPU
		{D7A223CC-3064-4518-87BA-3E0A19E5A16F}.Debug|x64.ActiveCfg = Debug|Any CPU
		{D7A223CC-3064-4518-87BA-3E0A19E5A16F}.Debug|x64.Build.0 = Debug|Any CPU
		{D7A223CC-3064-4518-87BA-3E0A19E5A16F}.Debug|x86.ActiveCfg = Debug|Any CPU
		{D7A223CC-3064-4518-87BA-3E0A19E5A16F}.Debug|x86.Build.0 = Debug|Any CPU
		{D7A223CC-3064-4518-87BA-3E0A19E5A16F}.Release|Any CPU.ActiveCfg = Release|Any CPU
		{D7A223CC-3064-4518-87BA-3E0A19E5A16F}.Release|Any CPU.Build.0 = Release|Any CPU
		{D7A223CC-3064-4518-87BA-3E0A19E5A16F}.Release|ARM.ActiveCfg = Release|Any CPU
		{D7A223CC-3064-4518-87BA-3E0A19E5A16F}.Release|ARM.Build.0 = Release|Any CPU
		{D7A223CC-3064-4518-87BA-3E0A19E5A16F}.Release|iPhone.ActiveCfg = Release|Any CPU
		{D7A223CC-3064-4518-87BA-3E0A19E5A16F}.Release|iPhone.Build.0 = Release|Any CPU
		{D7A223CC-3064-4518-87BA-3E0A19E5A16F}.Release|iPhoneSimulator.ActiveCfg = Release|Any CPU
		{D7A223CC-3064-4518-87BA-3E0A19E5A16F}.Release|iPhoneSimulator.Build.0 = Release|Any CPU
		{D7A223CC-3064-4518-87BA-3E0A19E5A16F}.Release|x64.ActiveCfg = Release|Any CPU
		{D7A223CC-3064-4518-87BA-3E0A19E5A16F}.Release|x64.Build.0 = Release|Any CPU
		{D7A223CC-3064-4518-87BA-3E0A19E5A16F}.Release|x86.ActiveCfg = Release|Any CPU
		{D7A223CC-3064-4518-87BA-3E0A19E5A16F}.Release|x86.Build.0 = Release|Any CPU
		{5990DCB9-AEB2-4EBF-B70B-C697527DC59E}.Ad-Hoc|Any CPU.ActiveCfg = Ad-Hoc|iPhone
		{5990DCB9-AEB2-4EBF-B70B-C697527DC59E}.Ad-Hoc|ARM.ActiveCfg = Ad-Hoc|iPhone
		{5990DCB9-AEB2-4EBF-B70B-C697527DC59E}.Ad-Hoc|iPhone.ActiveCfg = Ad-Hoc|iPhone
		{5990DCB9-AEB2-4EBF-B70B-C697527DC59E}.Ad-Hoc|iPhone.Build.0 = Ad-Hoc|iPhone
		{5990DCB9-AEB2-4EBF-B70B-C697527DC59E}.Ad-Hoc|iPhoneSimulator.ActiveCfg = Ad-Hoc|iPhoneSimulator
		{5990DCB9-AEB2-4EBF-B70B-C697527DC59E}.Ad-Hoc|iPhoneSimulator.Build.0 = Ad-Hoc|iPhoneSimulator
		{5990DCB9-AEB2-4EBF-B70B-C697527DC59E}.Ad-Hoc|x64.ActiveCfg = Ad-Hoc|iPhone
		{5990DCB9-AEB2-4EBF-B70B-C697527DC59E}.Ad-Hoc|x86.ActiveCfg = Ad-Hoc|iPhone
		{5990DCB9-AEB2-4EBF-B70B-C697527DC59E}.AppStore|Any CPU.ActiveCfg = AppStore|iPhone
		{5990DCB9-AEB2-4EBF-B70B-C697527DC59E}.AppStore|ARM.ActiveCfg = AppStore|iPhone
		{5990DCB9-AEB2-4EBF-B70B-C697527DC59E}.AppStore|iPhone.ActiveCfg = AppStore|iPhone
		{5990DCB9-AEB2-4EBF-B70B-C697527DC59E}.AppStore|iPhone.Build.0 = AppStore|iPhone
		{5990DCB9-AEB2-4EBF-B70B-C697527DC59E}.AppStore|iPhoneSimulator.ActiveCfg = AppStore|iPhoneSimulator
		{5990DCB9-AEB2-4EBF-B70B-C697527DC59E}.AppStore|iPhoneSimulator.Build.0 = AppStore|iPhoneSimulator
		{5990DCB9-AEB2-4EBF-B70B-C697527DC59E}.AppStore|x64.ActiveCfg = AppStore|iPhone
		{5990DCB9-AEB2-4EBF-B70B-C697527DC59E}.AppStore|x86.ActiveCfg = AppStore|iPhone
		{5990DCB9-AEB2-4EBF-B70B-C697527DC59E}.Debug|Any CPU.ActiveCfg = Debug|iPhone
		{5990DCB9-AEB2-4EBF-B70B-C697527DC59E}.Debug|ARM.ActiveCfg = Debug|iPhone
		{5990DCB9-AEB2-4EBF-B70B-C697527DC59E}.Debug|iPhone.ActiveCfg = Debug|iPhone
		{5990DCB9-AEB2-4EBF-B70B-C697527DC59E}.Debug|iPhone.Build.0 = Debug|iPhone
		{5990DCB9-AEB2-4EBF-B70B-C697527DC59E}.Debug|iPhoneSimulator.ActiveCfg = Debug|iPhoneSimulator
		{5990DCB9-AEB2-4EBF-B70B-C697527DC59E}.Debug|iPhoneSimulator.Build.0 = Debug|iPhoneSimulator
		{5990DCB9-AEB2-4EBF-B70B-C697527DC59E}.Debug|x64.ActiveCfg = Debug|iPhone
		{5990DCB9-AEB2-4EBF-B70B-C697527DC59E}.Debug|x86.ActiveCfg = Debug|iPhone
		{5990DCB9-AEB2-4EBF-B70B-C697527DC59E}.Release|Any CPU.ActiveCfg = Release|iPhone
		{5990DCB9-AEB2-4EBF-B70B-C697527DC59E}.Release|ARM.ActiveCfg = Release|iPhone
		{5990DCB9-AEB2-4EBF-B70B-C697527DC59E}.Release|iPhone.ActiveCfg = Release|iPhone
		{5990DCB9-AEB2-4EBF-B70B-C697527DC59E}.Release|iPhone.Build.0 = Release|iPhone
		{5990DCB9-AEB2-4EBF-B70B-C697527DC59E}.Release|iPhoneSimulator.ActiveCfg = Release|iPhoneSimulator
		{5990DCB9-AEB2-4EBF-B70B-C697527DC59E}.Release|iPhoneSimulator.Build.0 = Release|iPhoneSimulator
		{5990DCB9-AEB2-4EBF-B70B-C697527DC59E}.Release|x64.ActiveCfg = Release|iPhone
		{5990DCB9-AEB2-4EBF-B70B-C697527DC59E}.Release|x86.ActiveCfg = Release|iPhone
	EndGlobalSection
	GlobalSection(SolutionProperties) = preSolution
		HideSolutionNode = FALSE
	EndGlobalSection
EndGlobal
