
Microsoft Visual Studio Solution File, Format Version 12.00
# Visual Studio 15
VisualStudioVersion = 15.0.26730.10
MinimumVisualStudioVersion = 10.0.40219.1


Project("{9A19103F-16F7-4668-BE54-9A1E7A4F7556}") = "Test", "Test\Test\Test.csproj", "{B48A309F-317F-4D8D-9DD9-24114872E747}"
EndProject

Project("{FAE04EC0-301F-11D3-BF4B-00C04F79EFBC}") = "Test.iOS", "Test\Test.iOS\Test.iOS.csproj", "{25032E01-599A-433A-96A4-63FCAEDB315A}"
EndProject


Project("{FAE04EC0-301F-11D3-BF4B-00C04F79EFBC}") = "Test.Android", "Test\Test.Android\Test.Android.csproj", "{B2D00205-38A9-4301-91AA-2673CE9B5B0B}"
EndProject


Global
	GlobalSection(SolutionConfigurationPlatforms) = preSolution
		Ad-Hoc|Any CPU = Ad-Hoc|Any CPU
		Ad-Hoc|ARM = Ad-Hoc|ARM
		Ad-Hoc|iPhone = Ad-Hoc|iPhone
		Ad-Hoc|iPhoneSimulator = Ad-Hoc|iPhoneSimulator
		Ad-Hoc|x64 = Ad-Hoc|x64
		Ad-Hoc|x86 = Ad-Hoc|x86
		AppStore|Any CPU = AppStore|Any CPU
		AppStore|ARM = AppStore|ARM
		AppStore|iPhone = AppStore|iPhone
		AppStore|iPhoneSimulator = AppStore|iPhoneSimulator
		AppStore|x64 = AppStore|x64
		AppStore|x86 = AppStore|x86
		Debug|Any CPU = Debug|Any CPU
		Debug|ARM = Debug|ARM
		Debug|iPhone = Debug|iPhone
		Debug|iPhoneSimulator = Debug|iPhoneSimulator
		Debug|x64 = Debug|x64
		Debug|x86 = Debug|x86
		Release|Any CPU = Release|Any CPU
		Release|ARM = Release|ARM
		Release|iPhone = Release|iPhone
		Release|iPhoneSimulator = Release|iPhoneSimulator
		Release|x64 = Release|x64
		Release|x86 = Release|x86
	EndGlobalSection
	GlobalSection(ProjectConfigurationPlatforms) = postSolution
		{B48A309F-317F-4D8D-9DD9-24114872E747}.Ad-Hoc|Any CPU.ActiveCfg = Debug|Any CPU
		{B48A309F-317F-4D8D-9DD9-24114872E747}.Ad-Hoc|Any CPU.Build.0 = Debug|Any CPU
		{B48A309F-317F-4D8D-9DD9-24114872E747}.Ad-Hoc|ARM.ActiveCfg = Debug|Any CPU
		{B48A309F-317F-4D8D-9DD9-24114872E747}.Ad-Hoc|ARM.Build.0 = Debug|Any CPU
		{B48A309F-317F-4D8D-9DD9-24114872E747}.Ad-Hoc|iPhone.ActiveCfg = Debug|Any CPU
		{B48A309F-317F-4D8D-9DD9-24114872E747}.Ad-Hoc|iPhone.Build.0 = Debug|Any CPU
		{B48A309F-317F-4D8D-9DD9-24114872E747}.Ad-Hoc|iPhoneSimulator.ActiveCfg = Debug|Any CPU
		{B48A309F-317F-4D8D-9DD9-24114872E747}.Ad-Hoc|iPhoneSimulator.Build.0 = Debug|Any CPU
		{B48A309F-317F-4D8D-9DD9-24114872E747}.Ad-Hoc|x64.ActiveCfg = Debug|Any CPU
		{B48A309F-317F-4D8D-9DD9-24114872E747}.Ad-Hoc|x64.Build.0 = Debug|Any CPU
		{B48A309F-317F-4D8D-9DD9-24114872E747}.Ad-Hoc|x86.ActiveCfg = Debug|Any CPU
		{B48A309F-317F-4D8D-9DD9-24114872E747}.Ad-Hoc|x86.Build.0 = Debug|Any CPU
		{B48A309F-317F-4D8D-9DD9-24114872E747}.AppStore|Any CPU.ActiveCfg = Debug|Any CPU
		{B48A309F-317F-4D8D-9DD9-24114872E747}.AppStore|Any CPU.Build.0 = Debug|Any CPU
		{B48A309F-317F-4D8D-9DD9-24114872E747}.AppStore|ARM.ActiveCfg = Debug|Any CPU
		{B48A309F-317F-4D8D-9DD9-24114872E747}.AppStore|ARM.Build.0 = Debug|Any CPU
		{B48A309F-317F-4D8D-9DD9-24114872E747}.AppStore|iPhone.ActiveCfg = Debug|Any CPU
		{B48A309F-317F-4D8D-9DD9-24114872E747}.AppStore|iPhone.Build.0 = Debug|Any CPU
		{B48A309F-317F-4D8D-9DD9-24114872E747}.AppStore|iPhoneSimulator.ActiveCfg = Debug|Any CPU
		{B48A309F-317F-4D8D-9DD9-24114872E747}.AppStore|iPhoneSimulator.Build.0 = Debug|Any CPU
		{B48A309F-317F-4D8D-9DD9-24114872E747}.AppStore|x64.ActiveCfg = Debug|Any CPU
		{B48A309F-317F-4D8D-9DD9-24114872E747}.AppStore|x64.Build.0 = Debug|Any CPU
		{B48A309F-317F-4D8D-9DD9-24114872E747}.AppStore|x86.ActiveCfg = Debug|Any CPU
		{B48A309F-317F-4D8D-9DD9-24114872E747}.AppStore|x86.Build.0 = Debug|Any CPU
		{B48A309F-317F-4D8D-9DD9-24114872E747}.Debug|Any CPU.ActiveCfg = Debug|Any CPU
		{B48A309F-317F-4D8D-9DD9-24114872E747}.Debug|Any CPU.Build.0 = Debug|Any CPU
		{B48A309F-317F-4D8D-9DD9-24114872E747}.Debug|ARM.ActiveCfg = Debug|Any CPU
		{B48A309F-317F-4D8D-9DD9-24114872E747}.Debug|ARM.Build.0 = Debug|Any CPU
		{B48A309F-317F-4D8D-9DD9-24114872E747}.Debug|iPhone.ActiveCfg = Debug|Any CPU
		{B48A309F-317F-4D8D-9DD9-24114872E747}.Debug|iPhone.Build.0 = Debug|Any CPU
		{B48A309F-317F-4D8D-9DD9-24114872E747}.Debug|iPhoneSimulator.ActiveCfg = Debug|Any CPU
		{B48A309F-317F-4D8D-9DD9-24114872E747}.Debug|iPhoneSimulator.Build.0 = Debug|Any CPU
		{B48A309F-317F-4D8D-9DD9-24114872E747}.Debug|x64.ActiveCfg = Debug|Any CPU
		{B48A309F-317F-4D8D-9DD9-24114872E747}.Debug|x64.Build.0 = Debug|Any CPU
		{B48A309F-317F-4D8D-9DD9-24114872E747}.Debug|x86.ActiveCfg = Debug|Any CPU
		{B48A309F-317F-4D8D-9DD9-24114872E747}.Debug|x86.Build.0 = Debug|Any CPU
		{B48A309F-317F-4D8D-9DD9-24114872E747}.Release|Any CPU.ActiveCfg = Release|Any CPU
		{B48A309F-317F-4D8D-9DD9-24114872E747}.Release|Any CPU.Build.0 = Release|Any CPU
		{B48A309F-317F-4D8D-9DD9-24114872E747}.Release|ARM.ActiveCfg = Release|Any CPU
		{B48A309F-317F-4D8D-9DD9-24114872E747}.Release|ARM.Build.0 = Release|Any CPU
		{B48A309F-317F-4D8D-9DD9-24114872E747}.Release|iPhone.ActiveCfg = Release|Any CPU
		{B48A309F-317F-4D8D-9DD9-24114872E747}.Release|iPhone.Build.0 = Release|Any CPU
		{B48A309F-317F-4D8D-9DD9-24114872E747}.Release|iPhoneSimulator.ActiveCfg = Release|Any CPU
		{B48A309F-317F-4D8D-9DD9-24114872E747}.Release|iPhoneSimulator.Build.0 = Release|Any CPU
		{B48A309F-317F-4D8D-9DD9-24114872E747}.Release|x64.ActiveCfg = Release|Any CPU
		{B48A309F-317F-4D8D-9DD9-24114872E747}.Release|x64.Build.0 = Release|Any CPU
		{B48A309F-317F-4D8D-9DD9-24114872E747}.Release|x86.ActiveCfg = Release|Any CPU
		{B48A309F-317F-4D8D-9DD9-24114872E747}.Release|x86.Build.0 = Release|Any CPU
		{25032E01-599A-433A-96A4-63FCAEDB315A}.Ad-Hoc|Any CPU.ActiveCfg = Ad-Hoc|iPhone
		{25032E01-599A-433A-96A4-63FCAEDB315A}.Ad-Hoc|ARM.ActiveCfg = Ad-Hoc|iPhone
		{25032E01-599A-433A-96A4-63FCAEDB315A}.Ad-Hoc|iPhone.ActiveCfg = Ad-Hoc|iPhone
		{25032E01-599A-433A-96A4-63FCAEDB315A}.Ad-Hoc|iPhone.Build.0 = Ad-Hoc|iPhone
		{25032E01-599A-433A-96A4-63FCAEDB315A}.Ad-Hoc|iPhoneSimulator.ActiveCfg = Ad-Hoc|iPhoneSimulator
		{25032E01-599A-433A-96A4-63FCAEDB315A}.Ad-Hoc|iPhoneSimulator.Build.0 = Ad-Hoc|iPhoneSimulator
		{25032E01-599A-433A-96A4-63FCAEDB315A}.Ad-Hoc|x64.ActiveCfg = Ad-Hoc|iPhone
		{25032E01-599A-433A-96A4-63FCAEDB315A}.Ad-Hoc|x86.ActiveCfg = Ad-Hoc|iPhone
		{25032E01-599A-433A-96A4-63FCAEDB315A}.AppStore|Any CPU.ActiveCfg = AppStore|iPhone
		{25032E01-599A-433A-96A4-63FCAEDB315A}.AppStore|ARM.ActiveCfg = AppStore|iPhone
		{25032E01-599A-433A-96A4-63FCAEDB315A}.AppStore|iPhone.ActiveCfg = AppStore|iPhone
		{25032E01-599A-433A-96A4-63FCAEDB315A}.AppStore|iPhone.Build.0 = AppStore|iPhone
		{25032E01-599A-433A-96A4-63FCAEDB315A}.AppStore|iPhoneSimulator.ActiveCfg = AppStore|iPhoneSimulator
		{25032E01-599A-433A-96A4-63FCAEDB315A}.AppStore|iPhoneSimulator.Build.0 = AppStore|iPhoneSimulator
		{25032E01-599A-433A-96A4-63FCAEDB315A}.AppStore|x64.ActiveCfg = AppStore|iPhone
		{25032E01-599A-433A-96A4-63FCAEDB315A}.AppStore|x86.ActiveCfg = AppStore|iPhone
		{25032E01-599A-433A-96A4-63FCAEDB315A}.Debug|Any CPU.ActiveCfg = Debug|iPhone
		{25032E01-599A-433A-96A4-63FCAEDB315A}.Debug|ARM.ActiveCfg = Debug|iPhone
		{25032E01-599A-433A-96A4-63FCAEDB315A}.Debug|iPhone.ActiveCfg = Debug|iPhone
		{25032E01-599A-433A-96A4-63FCAEDB315A}.Debug|iPhone.Build.0 = Debug|iPhone
		{25032E01-599A-433A-96A4-63FCAEDB315A}.Debug|iPhoneSimulator.ActiveCfg = Debug|iPhoneSimulator
		{25032E01-599A-433A-96A4-63FCAEDB315A}.Debug|iPhoneSimulator.Build.0 = Debug|iPhoneSimulator
		{25032E01-599A-433A-96A4-63FCAEDB315A}.Debug|x64.ActiveCfg = Debug|iPhone
		{25032E01-599A-433A-96A4-63FCAEDB315A}.Debug|x86.ActiveCfg = Debug|iPhone
		{25032E01-599A-433A-96A4-63FCAEDB315A}.Release|Any CPU.ActiveCfg = Release|iPhone
		{25032E01-599A-433A-96A4-63FCAEDB315A}.Release|ARM.ActiveCfg = Release|iPhone
		{25032E01-599A-433A-96A4-63FCAEDB315A}.Release|iPhone.ActiveCfg = Release|iPhone
		{25032E01-599A-433A-96A4-63FCAEDB315A}.Release|iPhone.Build.0 = Release|iPhone
		{25032E01-599A-433A-96A4-63FCAEDB315A}.Release|iPhoneSimulator.ActiveCfg = Release|iPhoneSimulator
		{25032E01-599A-433A-96A4-63FCAEDB315A}.Release|iPhoneSimulator.Build.0 = Release|iPhoneSimulator
		{25032E01-599A-433A-96A4-63FCAEDB315A}.Release|x64.ActiveCfg = Release|iPhone
		{25032E01-599A-433A-96A4-63FCAEDB315A}.Release|x86.ActiveCfg = Release|iPhone
		{C4F83AEC-52D7-42AD-926C-735A1666C770}.Ad-Hoc|Any CPU.ActiveCfg = Release|x86
		{C4F83AEC-52D7-42AD-926C-735A1666C770}.Ad-Hoc|Any CPU.Build.0 = Release|x86
		{C4F83AEC-52D7-42AD-926C-735A1666C770}.Ad-Hoc|Any CPU.Deploy.0 = Release|x86
		{C4F83AEC-52D7-42AD-926C-735A1666C770}.Ad-Hoc|ARM.ActiveCfg = Release|ARM
		{C4F83AEC-52D7-42AD-926C-735A1666C770}.Ad-Hoc|ARM.Build.0 = Release|ARM
		{C4F83AEC-52D7-42AD-926C-735A1666C770}.Ad-Hoc|ARM.Deploy.0 = Release|ARM
		{C4F83AEC-52D7-42AD-926C-735A1666C770}.Ad-Hoc|iPhone.ActiveCfg = Release|x86
		{C4F83AEC-52D7-42AD-926C-735A1666C770}.Ad-Hoc|iPhone.Build.0 = Release|x86
		{C4F83AEC-52D7-42AD-926C-735A1666C770}.Ad-Hoc|iPhone.Deploy.0 = Release|x86
		{C4F83AEC-52D7-42AD-926C-735A1666C770}.Ad-Hoc|iPhoneSimulator.ActiveCfg = Release|x86
		{C4F83AEC-52D7-42AD-926C-735A1666C770}.Ad-Hoc|iPhoneSimulator.Build.0 = Release|x86
		{C4F83AEC-52D7-42AD-926C-735A1666C770}.Ad-Hoc|iPhoneSimulator.Deploy.0 = Release|x86
		{C4F83AEC-52D7-42AD-926C-735A1666C770}.Ad-Hoc|x64.ActiveCfg = Release|x64
		{C4F83AEC-52D7-42AD-926C-735A1666C770}.Ad-Hoc|x64.Build.0 = Release|x64
		{C4F83AEC-52D7-42AD-926C-735A1666C770}.Ad-Hoc|x64.Deploy.0 = Release|x64
		{C4F83AEC-52D7-42AD-926C-735A1666C770}.Ad-Hoc|x86.ActiveCfg = Release|x86
		{C4F83AEC-52D7-42AD-926C-735A1666C770}.Ad-Hoc|x86.Build.0 = Release|x86
		{C4F83AEC-52D7-42AD-926C-735A1666C770}.Ad-Hoc|x86.Deploy.0 = Release|x86
		{C4F83AEC-52D7-42AD-926C-735A1666C770}.AppStore|Any CPU.ActiveCfg = Release|x86
		{C4F83AEC-52D7-42AD-926C-735A1666C770}.AppStore|Any CPU.Build.0 = Release|x86
		{C4F83AEC-52D7-42AD-926C-735A1666C770}.AppStore|Any CPU.Deploy.0 = Release|x86
		{C4F83AEC-52D7-42AD-926C-735A1666C770}.AppStore|ARM.ActiveCfg = Release|ARM
		{C4F83AEC-52D7-42AD-926C-735A1666C770}.AppStore|ARM.Build.0 = Release|ARM
		{C4F83AEC-52D7-42AD-926C-735A1666C770}.AppStore|ARM.Deploy.0 = Release|ARM
		{C4F83AEC-52D7-42AD-926C-735A1666C770}.AppStore|iPhone.ActiveCfg = Release|x86
		{C4F83AEC-52D7-42AD-926C-735A1666C770}.AppStore|iPhone.Build.0 = Release|x86
		{C4F83AEC-52D7-42AD-926C-735A1666C770}.AppStore|iPhone.Deploy.0 = Release|x86
		{C4F83AEC-52D7-42AD-926C-735A1666C770}.AppStore|iPhoneSimulator.ActiveCfg = Release|x86
		{C4F83AEC-52D7-42AD-926C-735A1666C770}.AppStore|iPhoneSimulator.Build.0 = Release|x86
		{C4F83AEC-52D7-42AD-926C-735A1666C770}.AppStore|iPhoneSimulator.Deploy.0 = Release|x86
		{C4F83AEC-52D7-42AD-926C-735A1666C770}.AppStore|x64.ActiveCfg = Release|x64
		{C4F83AEC-52D7-42AD-926C-735A1666C770}.AppStore|x64.Build.0 = Release|x64
		{C4F83AEC-52D7-42AD-926C-735A1666C770}.AppStore|x64.Deploy.0 = Release|x64
		{C4F83AEC-52D7-42AD-926C-735A1666C770}.AppStore|x86.ActiveCfg = Release|x86
		{C4F83AEC-52D7-42AD-926C-735A1666C770}.AppStore|x86.Build.0 = Release|x86
		{C4F83AEC-52D7-42AD-926C-735A1666C770}.AppStore|x86.Deploy.0 = Release|x86
		{C4F83AEC-52D7-42AD-926C-735A1666C770}.Debug|Any CPU.ActiveCfg = Debug|x86
		{C4F83AEC-52D7-42AD-926C-735A1666C770}.Debug|ARM.ActiveCfg = Debug|ARM
		{C4F83AEC-52D7-42AD-926C-735A1666C770}.Debug|ARM.Build.0 = Debug|ARM
		{C4F83AEC-52D7-42AD-926C-735A1666C770}.Debug|ARM.Deploy.0 = Debug|ARM
		{C4F83AEC-52D7-42AD-926C-735A1666C770}.Debug|iPhone.ActiveCfg = Debug|x86
		{C4F83AEC-52D7-42AD-926C-735A1666C770}.Debug|iPhoneSimulator.ActiveCfg = Debug|x86
		{C4F83AEC-52D7-42AD-926C-735A1666C770}.Debug|x64.ActiveCfg = Debug|x64
		{C4F83AEC-52D7-42AD-926C-735A1666C770}.Debug|x64.Build.0 = Debug|x64
		{C4F83AEC-52D7-42AD-926C-735A1666C770}.Debug|x64.Deploy.0 = Debug|x64
		{C4F83AEC-52D7-42AD-926C-735A1666C770}.Debug|x86.ActiveCfg = Debug|x86
		{C4F83AEC-52D7-42AD-926C-735A1666C770}.Debug|x86.Build.0 = Debug|x86
		{C4F83AEC-52D7-42AD-926C-735A1666C770}.Debug|x86.Deploy.0 = Debug|x86
		{C4F83AEC-52D7-42AD-926C-735A1666C770}.Release|Any CPU.ActiveCfg = Release|x86
		{C4F83AEC-52D7-42AD-926C-735A1666C770}.Release|ARM.ActiveCfg = Release|ARM
		{C4F83AEC-52D7-42AD-926C-735A1666C770}.Release|ARM.Build.0 = Release|ARM
		{C4F83AEC-52D7-42AD-926C-735A1666C770}.Release|ARM.Deploy.0 = Release|ARM
		{C4F83AEC-52D7-42AD-926C-735A1666C770}.Release|iPhone.ActiveCfg = Release|x86
		{C4F83AEC-52D7-42AD-926C-735A1666C770}.Release|iPhoneSimulator.ActiveCfg = Release|x86
		{C4F83AEC-52D7-42AD-926C-735A1666C770}.Release|x64.ActiveCfg = Release|x64
		{C4F83AEC-52D7-42AD-926C-735A1666C770}.Release|x64.Build.0 = Release|x64
		{C4F83AEC-52D7-42AD-926C-735A1666C770}.Release|x64.Deploy.0 = Release|x64
		{C4F83AEC-52D7-42AD-926C-735A1666C770}.Release|x86.ActiveCfg = Release|x86
		{C4F83AEC-52D7-42AD-926C-735A1666C770}.Release|x86.Build.0 = Release|x86
		{C4F83AEC-52D7-42AD-926C-735A1666C770}.Release|x86.Deploy.0 = Release|x86
		{20FDA6ED-B68E-4610-807B-F358668F181E}.Ad-Hoc|Any CPU.ActiveCfg = Release|Any CPU
		{20FDA6ED-B68E-4610-807B-F358668F181E}.Ad-Hoc|Any CPU.Build.0 = Release|Any CPU
		{20FDA6ED-B68E-4610-807B-F358668F181E}.Ad-Hoc|Any CPU.Deploy.0 = Release|Any CPU
		{20FDA6ED-B68E-4610-807B-F358668F181E}.Ad-Hoc|ARM.ActiveCfg = Release|Any CPU
		{20FDA6ED-B68E-4610-807B-F358668F181E}.Ad-Hoc|ARM.Build.0 = Release|Any CPU
		{20FDA6ED-B68E-4610-807B-F358668F181E}.Ad-Hoc|ARM.Deploy.0 = Release|Any CPU
		{20FDA6ED-B68E-4610-807B-F358668F181E}.Ad-Hoc|iPhone.ActiveCfg = Release|Any CPU
		{20FDA6ED-B68E-4610-807B-F358668F181E}.Ad-Hoc|iPhone.Build.0 = Release|Any CPU
		{20FDA6ED-B68E-4610-807B-F358668F181E}.Ad-Hoc|iPhone.Deploy.0 = Release|Any CPU
		{20FDA6ED-B68E-4610-807B-F358668F181E}.Ad-Hoc|iPhoneSimulator.ActiveCfg = Release|Any CPU
		{20FDA6ED-B68E-4610-807B-F358668F181E}.Ad-Hoc|iPhoneSimulator.Build.0 = Release|Any CPU
		{20FDA6ED-B68E-4610-807B-F358668F181E}.Ad-Hoc|iPhoneSimulator.Deploy.0 = Release|Any CPU
		{20FDA6ED-B68E-4610-807B-F358668F181E}.Ad-Hoc|x64.ActiveCfg = Release|Any CPU
		{20FDA6ED-B68E-4610-807B-F358668F181E}.Ad-Hoc|x64.Build.0 = Release|Any CPU
		{20FDA6ED-B68E-4610-807B-F358668F181E}.Ad-Hoc|x64.Deploy.0 = Release|Any CPU
		{20FDA6ED-B68E-4610-807B-F358668F181E}.Ad-Hoc|x86.ActiveCfg = Release|Any CPU
		{20FDA6ED-B68E-4610-807B-F358668F181E}.Ad-Hoc|x86.Build.0 = Release|Any CPU
		{20FDA6ED-B68E-4610-807B-F358668F181E}.Ad-Hoc|x86.Deploy.0 = Release|Any CPU
		{20FDA6ED-B68E-4610-807B-F358668F181E}.AppStore|Any CPU.ActiveCfg = Release|Any CPU
		{20FDA6ED-B68E-4610-807B-F358668F181E}.AppStore|Any CPU.Build.0 = Release|Any CPU
		{20FDA6ED-B68E-4610-807B-F358668F181E}.AppStore|Any CPU.Deploy.0 = Release|Any CPU
		{20FDA6ED-B68E-4610-807B-F358668F181E}.AppStore|ARM.ActiveCfg = Release|Any CPU
		{20FDA6ED-B68E-4610-807B-F358668F181E}.AppStore|ARM.Build.0 = Release|Any CPU
		{20FDA6ED-B68E-4610-807B-F358668F181E}.AppStore|ARM.Deploy.0 = Release|Any CPU
		{20FDA6ED-B68E-4610-807B-F358668F181E}.AppStore|iPhone.ActiveCfg = Release|Any CPU
		{20FDA6ED-B68E-4610-807B-F358668F181E}.AppStore|iPhone.Build.0 = Release|Any CPU
		{20FDA6ED-B68E-4610-807B-F358668F181E}.AppStore|iPhone.Deploy.0 = Release|Any CPU
		{20FDA6ED-B68E-4610-807B-F358668F181E}.AppStore|iPhoneSimulator.ActiveCfg = Release|Any CPU
		{20FDA6ED-B68E-4610-807B-F358668F181E}.AppStore|iPhoneSimulator.Build.0 = Release|Any CPU
		{20FDA6ED-B68E-4610-807B-F358668F181E}.AppStore|iPhoneSimulator.Deploy.0 = Release|Any CPU
		{20FDA6ED-B68E-4610-807B-F358668F181E}.AppStore|x64.ActiveCfg = Release|Any CPU
		{20FDA6ED-B68E-4610-807B-F358668F181E}.AppStore|x64.Build.0 = Release|Any CPU
		{20FDA6ED-B68E-4610-807B-F358668F181E}.AppStore|x64.Deploy.0 = Release|Any CPU
		{20FDA6ED-B68E-4610-807B-F358668F181E}.AppStore|x86.ActiveCfg = Release|Any CPU
		{20FDA6ED-B68E-4610-807B-F358668F181E}.AppStore|x86.Build.0 = Release|Any CPU
		{20FDA6ED-B68E-4610-807B-F358668F181E}.AppStore|x86.Deploy.0 = Release|Any CPU
		{20FDA6ED-B68E-4610-807B-F358668F181E}.Debug|Any CPU.ActiveCfg = Debug|Any CPU
		{20FDA6ED-B68E-4610-807B-F358668F181E}.Debug|Any CPU.Build.0 = Debug|Any CPU
		{20FDA6ED-B68E-4610-807B-F358668F181E}.Debug|Any CPU.Deploy.0 = Debug|Any CPU
		{20FDA6ED-B68E-4610-807B-F358668F181E}.Debug|ARM.ActiveCfg = Debug|Any CPU
		{20FDA6ED-B68E-4610-807B-F358668F181E}.Debug|ARM.Build.0 = Debug|Any CPU
		{20FDA6ED-B68E-4610-807B-F358668F181E}.Debug|ARM.Deploy.0 = Debug|Any CPU
		{20FDA6ED-B68E-4610-807B-F358668F181E}.Debug|iPhone.ActiveCfg = Debug|Any CPU
		{20FDA6ED-B68E-4610-807B-F358668F181E}.Debug|iPhone.Build.0 = Debug|Any CPU
		{20FDA6ED-B68E-4610-807B-F358668F181E}.Debug|iPhone.Deploy.0 = Debug|Any CPU
		{20FDA6ED-B68E-4610-807B-F358668F181E}.Debug|iPhoneSimulator.ActiveCfg = Debug|Any CPU
		{20FDA6ED-B68E-4610-807B-F358668F181E}.Debug|iPhoneSimulator.Build.0 = Debug|Any CPU
		{20FDA6ED-B68E-4610-807B-F358668F181E}.Debug|iPhoneSimulator.Deploy.0 = Debug|Any CPU
		{20FDA6ED-B68E-4610-807B-F358668F181E}.Debug|x64.ActiveCfg = Debug|Any CPU
		{20FDA6ED-B68E-4610-807B-F358668F181E}.Debug|x64.Build.0 = Debug|Any CPU
		{20FDA6ED-B68E-4610-807B-F358668F181E}.Debug|x64.Deploy.0 = Debug|Any CPU
		{20FDA6ED-B68E-4610-807B-F358668F181E}.Debug|x86.ActiveCfg = Debug|Any CPU
		{20FDA6ED-B68E-4610-807B-F358668F181E}.Debug|x86.Build.0 = Debug|Any CPU
		{20FDA6ED-B68E-4610-807B-F358668F181E}.Debug|x86.Deploy.0 = Debug|Any CPU
		{20FDA6ED-B68E-4610-807B-F358668F181E}.Release|Any CPU.ActiveCfg = Release|Any CPU
		{20FDA6ED-B68E-4610-807B-F358668F181E}.Release|Any CPU.Build.0 = Release|Any CPU
		{20FDA6ED-B68E-4610-807B-F358668F181E}.Release|Any CPU.Deploy.0 = Release|Any CPU
		{20FDA6ED-B68E-4610-807B-F358668F181E}.Release|ARM.ActiveCfg = Release|Any CPU
		{20FDA6ED-B68E-4610-807B-F358668F181E}.Release|ARM.Build.0 = Release|Any CPU
		{20FDA6ED-B68E-4610-807B-F358668F181E}.Release|ARM.Deploy.0 = Release|Any CPU
		{20FDA6ED-B68E-4610-807B-F358668F181E}.Release|iPhone.ActiveCfg = Release|Any CPU
		{20FDA6ED-B68E-4610-807B-F358668F181E}.Release|iPhone.Build.0 = Release|Any CPU
		{20FDA6ED-B68E-4610-807B-F358668F181E}.Release|iPhone.Deploy.0 = Release|Any CPU
		{20FDA6ED-B68E-4610-807B-F358668F181E}.Release|iPhoneSimulator.ActiveCfg = Release|Any CPU
		{20FDA6ED-B68E-4610-807B-F358668F181E}.Release|iPhoneSimulator.Build.0 = Release|Any CPU
		{20FDA6ED-B68E-4610-807B-F358668F181E}.Release|iPhoneSimulator.Deploy.0 = Release|Any CPU
		{20FDA6ED-B68E-4610-807B-F358668F181E}.Release|x64.ActiveCfg = Release|Any CPU
		{20FDA6ED-B68E-4610-807B-F358668F181E}.Release|x64.Build.0 = Release|Any CPU
		{20FDA6ED-B68E-4610-807B-F358668F181E}.Release|x64.Deploy.0 = Release|Any CPU
		{20FDA6ED-B68E-4610-807B-F358668F181E}.Release|x86.ActiveCfg = Release|Any CPU
		{20FDA6ED-B68E-4610-807B-F358668F181E}.Release|x86.Build.0 = Release|Any CPU
		{20FDA6ED-B68E-4610-807B-F358668F181E}.Release|x86.Deploy.0 = Release|Any CPU
		{B445DF73-AC9E-4276-9FBA-7CB5AD5D2518}.Ad-Hoc|Any CPU.ActiveCfg = Release|Any CPU
		{B445DF73-AC9E-4276-9FBA-7CB5AD5D2518}.Ad-Hoc|Any CPU.Build.0 = Release|Any CPU
		{B445DF73-AC9E-4276-9FBA-7CB5AD5D2518}.Ad-Hoc|ARM.ActiveCfg = Release|Any CPU
		{B445DF73-AC9E-4276-9FBA-7CB5AD5D2518}.Ad-Hoc|ARM.Build.0 = Release|Any CPU
		{B445DF73-AC9E-4276-9FBA-7CB5AD5D2518}.Ad-Hoc|iPhone.ActiveCfg = Release|Any CPU
		{B445DF73-AC9E-4276-9FBA-7CB5AD5D2518}.Ad-Hoc|iPhone.Build.0 = Release|Any CPU
		{B445DF73-AC9E-4276-9FBA-7CB5AD5D2518}.Ad-Hoc|iPhoneSimulator.ActiveCfg = Release|Any CPU
		{B445DF73-AC9E-4276-9FBA-7CB5AD5D2518}.Ad-Hoc|iPhoneSimulator.Build.0 = Release|Any CPU
		{B445DF73-AC9E-4276-9FBA-7CB5AD5D2518}.Ad-Hoc|x64.ActiveCfg = Release|Any CPU
		{B445DF73-AC9E-4276-9FBA-7CB5AD5D2518}.Ad-Hoc|x64.Build.0 = Release|Any CPU
		{B445DF73-AC9E-4276-9FBA-7CB5AD5D2518}.Ad-Hoc|x86.ActiveCfg = Release|Any CPU
		{B445DF73-AC9E-4276-9FBA-7CB5AD5D2518}.Ad-Hoc|x86.Build.0 = Release|Any CPU
		{B445DF73-AC9E-4276-9FBA-7CB5AD5D2518}.AppStore|Any CPU.ActiveCfg = Release|Any CPU
		{B445DF73-AC9E-4276-9FBA-7CB5AD5D2518}.AppStore|Any CPU.Build.0 = Release|Any CPU
		{B445DF73-AC9E-4276-9FBA-7CB5AD5D2518}.AppStore|ARM.ActiveCfg = Release|Any CPU
		{B445DF73-AC9E-4276-9FBA-7CB5AD5D2518}.AppStore|ARM.Build.0 = Release|Any CPU
		{B445DF73-AC9E-4276-9FBA-7CB5AD5D2518}.AppStore|iPhone.ActiveCfg = Release|Any CPU
		{B445DF73-AC9E-4276-9FBA-7CB5AD5D2518}.AppStore|iPhone.Build.0 = Release|Any CPU
		{B445DF73-AC9E-4276-9FBA-7CB5AD5D2518}.AppStore|iPhoneSimulator.ActiveCfg = Release|Any CPU
		{B445DF73-AC9E-4276-9FBA-7CB5AD5D2518}.AppStore|iPhoneSimulator.Build.0 = Release|Any CPU
		{B445DF73-AC9E-4276-9FBA-7CB5AD5D2518}.AppStore|x64.ActiveCfg = Release|Any CPU
		{B445DF73-AC9E-4276-9FBA-7CB5AD5D2518}.AppStore|x64.Build.0 = Release|Any CPU
		{B445DF73-AC9E-4276-9FBA-7CB5AD5D2518}.AppStore|x86.ActiveCfg = Release|Any CPU
		{B445DF73-AC9E-4276-9FBA-7CB5AD5D2518}.AppStore|x86.Build.0 = Release|Any CPU
		{B445DF73-AC9E-4276-9FBA-7CB5AD5D2518}.Debug|Any CPU.ActiveCfg = Debug|Any CPU
		{B445DF73-AC9E-4276-9FBA-7CB5AD5D2518}.Debug|Any CPU.Build.0 = Debug|Any CPU
		{B445DF73-AC9E-4276-9FBA-7CB5AD5D2518}.Debug|ARM.ActiveCfg = Debug|Any CPU
		{B445DF73-AC9E-4276-9FBA-7CB5AD5D2518}.Debug|ARM.Build.0 = Debug|Any CPU
		{B445DF73-AC9E-4276-9FBA-7CB5AD5D2518}.Debug|iPhone.ActiveCfg = Debug|Any CPU
		{B445DF73-AC9E-4276-9FBA-7CB5AD5D2518}.Debug|iPhone.Build.0 = Debug|Any CPU
		{B445DF73-AC9E-4276-9FBA-7CB5AD5D2518}.Debug|iPhoneSimulator.ActiveCfg = Debug|Any CPU
		{B445DF73-AC9E-4276-9FBA-7CB5AD5D2518}.Debug|iPhoneSimulator.Build.0 = Debug|Any CPU
		{B445DF73-AC9E-4276-9FBA-7CB5AD5D2518}.Debug|x64.ActiveCfg = Debug|Any CPU
		{B445DF73-AC9E-4276-9FBA-7CB5AD5D2518}.Debug|x64.Build.0 = Debug|Any CPU
		{B445DF73-AC9E-4276-9FBA-7CB5AD5D2518}.Debug|x86.ActiveCfg = Debug|Any CPU
		{B445DF73-AC9E-4276-9FBA-7CB5AD5D2518}.Debug|x86.Build.0 = Debug|Any CPU
		{B445DF73-AC9E-4276-9FBA-7CB5AD5D2518}.Release|Any CPU.ActiveCfg = Release|Any CPU
		{B445DF73-AC9E-4276-9FBA-7CB5AD5D2518}.Release|Any CPU.Build.0 = Release|Any CPU
		{B445DF73-AC9E-4276-9FBA-7CB5AD5D2518}.Release|ARM.ActiveCfg = Release|Any CPU
		{B445DF73-AC9E-4276-9FBA-7CB5AD5D2518}.Release|ARM.Build.0 = Release|Any CPU
		{B445DF73-AC9E-4276-9FBA-7CB5AD5D2518}.Release|iPhone.ActiveCfg = Release|Any CPU
		{B445DF73-AC9E-4276-9FBA-7CB5AD5D2518}.Release|iPhone.Build.0 = Release|Any CPU
		{B445DF73-AC9E-4276-9FBA-7CB5AD5D2518}.Release|iPhoneSimulator.ActiveCfg = Release|Any CPU
		{B445DF73-AC9E-4276-9FBA-7CB5AD5D2518}.Release|iPhoneSimulator.Build.0 = Release|Any CPU
		{B445DF73-AC9E-4276-9FBA-7CB5AD5D2518}.Release|x64.ActiveCfg = Release|Any CPU
		{B445DF73-AC9E-4276-9FBA-7CB5AD5D2518}.Release|x64.Build.0 = Release|Any CPU
		{B445DF73-AC9E-4276-9FBA-7CB5AD5D2518}.Release|x86.ActiveCfg = Release|Any CPU
		{B445DF73-AC9E-4276-9FBA-7CB5AD5D2518}.Release|x86.Build.0 = Release|Any CPU
	EndGlobalSection
	GlobalSection(SolutionProperties) = preSolution
		HideSolutionNode = FALSE
	EndGlobalSection
	GlobalSection(ExtensibilityGlobals) = postSolution
		SolutionGuid = {F6D05029-56B8-4E45-AF2D-0E76295DDBA2}
	EndGlobalSection
EndGlobal
